// !$*UTF8*$!
{
	archiveVersion = 1;
	classes = {
	};
	objectVersion = 45;
	objects = {

/* Begin PBXBuildFile section */
		1D3623260D0F684500981E51 /* AuctionSniperAppDelegate.m in Sources */ = {isa = PBXBuildFile; fileRef = 1D3623250D0F684500981E51 /* AuctionSniperAppDelegate.m */; };
		1D60589B0D05DD56006BFB54 /* main.m in Sources */ = {isa = PBXBuildFile; fileRef = 29B97316FDCFA39411CA2CEA /* main.m */; };
		1D60589F0D05DD5A006BFB54 /* Foundation.framework in Frameworks */ = {isa = PBXBuildFile; fileRef = 1D30AB110D05D00D00671497 /* Foundation.framework */; };
		288765FD0DF74451002DB57D /* CoreGraphics.framework in Frameworks */ = {isa = PBXBuildFile; fileRef = 288765FC0DF74451002DB57D /* CoreGraphics.framework */; };
		28AD733F0D9D9553002E5188 /* MainWindow.xib in Resources */ = {isa = PBXBuildFile; fileRef = 28AD733E0D9D9553002E5188 /* MainWindow.xib */; };
		A31521A611D238D3007F2123 /* MainWindow.xib in Resources */ = {isa = PBXBuildFile; fileRef = 28AD733E0D9D9553002E5188 /* MainWindow.xib */; };
		A31521A911D238D3007F2123 /* AuctionSniperAppDelegate.m in Sources */ = {isa = PBXBuildFile; fileRef = 1D3623250D0F684500981E51 /* AuctionSniperAppDelegate.m */; };
		A31521AB11D238D3007F2123 /* Foundation.framework in Frameworks */ = {isa = PBXBuildFile; fileRef = 1D30AB110D05D00D00671497 /* Foundation.framework */; };
		A31521AD11D238D3007F2123 /* CoreGraphics.framework in Frameworks */ = {isa = PBXBuildFile; fileRef = 288765FC0DF74451002DB57D /* CoreGraphics.framework */; };
		A3FC540B11D7CA390045F352 /* UIKit.framework in Frameworks */ = {isa = PBXBuildFile; fileRef = A3FC540A11D7CA390045F352 /* UIKit.framework */; };
		A3FC540E11D7CA3D0045F352 /* UIKit.framework in Frameworks */ = {isa = PBXBuildFile; fileRef = A3FC540A11D7CA390045F352 /* UIKit.framework */; };
		A3FC547411D7CA810045F352 /* main.m in Sources */ = {isa = PBXBuildFile; fileRef = 29B97316FDCFA39411CA2CEA /* main.m */; };
		A3FC548F11D825170045F352 /* AuctionSniperViewController.m in Sources */ = {isa = PBXBuildFile; fileRef = A3FC548D11D825170045F352 /* AuctionSniperViewController.m */; };
		A3FC549511D825330045F352 /* AuctionSniperViewController.xib in Resources */ = {isa = PBXBuildFile; fileRef = A3FC549411D825330045F352 /* AuctionSniperViewController.xib */; };
		A3FC54A711D826240045F352 /* AuctionSniperViewController.xib in Resources */ = {isa = PBXBuildFile; fileRef = A3FC549411D825330045F352 /* AuctionSniperViewController.xib */; };
/* End PBXBuildFile section */

/* Begin PBXContainerItemProxy section */
		A315223B11D23CE0007F2123 /* PBXContainerItemProxy */ = {
			isa = PBXContainerItemProxy;
			containerPortal = A315223711D23CE0007F2123 /* Bromine.xcodeproj */;
			proxyType = 2;
			remoteGlobalIDString = D2AAC07E0554694100DB518D;
			remoteInfo = Bromine;
		};
		A315246D11D2692C007F2123 /* PBXContainerItemProxy */ = {
			isa = PBXContainerItemProxy;
			containerPortal = A315245A11D2692C007F2123 /* Cedar.xcodeproj */;
			proxyType = 2;
			remoteGlobalIDString = 8DC2EF5B0486A6940098B216;
			remoteInfo = Cedar;
		};
		A315246F11D2692C007F2123 /* PBXContainerItemProxy */ = {
			isa = PBXContainerItemProxy;
			containerPortal = A315245A11D2692C007F2123 /* Cedar.xcodeproj */;
			proxyType = 2;
			remoteGlobalIDString = AE603D65118CCB2100D312FC;
			remoteInfo = Specs;
		};
		A315247111D2692C007F2123 /* PBXContainerItemProxy */ = {
			isa = PBXContainerItemProxy;
			containerPortal = A315245A11D2692C007F2123 /* Cedar.xcodeproj */;
			proxyType = 2;
			remoteGlobalIDString = AED41F2C11B869D0006DBB00;
			remoteInfo = "Cedar-StaticLib";
		};
		A315247311D2692C007F2123 /* PBXContainerItemProxy */ = {
			isa = PBXContainerItemProxy;
			containerPortal = A315245A11D2692C007F2123 /* Cedar.xcodeproj */;
			proxyType = 2;
			remoteGlobalIDString = AE12B63211D0191000C236FF;
			remoteInfo = iPhoneSpecs;
		};
		A315257611D27372007F2123 /* PBXContainerItemProxy */ = {
			isa = PBXContainerItemProxy;
			containerPortal = A315256F11D27372007F2123 /* OCHamcrest.xcodeproj */;
			proxyType = 2;
			remoteGlobalIDString = 8DC2EF5B0486A6940098B216;
			remoteInfo = OCHamcrest;
		};
		A315257811D27372007F2123 /* PBXContainerItemProxy */ = {
			isa = PBXContainerItemProxy;
			containerPortal = A315256F11D27372007F2123 /* OCHamcrest.xcodeproj */;
			proxyType = 2;
			remoteGlobalIDString = 50066DAD1191DDE700A7A86D;
			remoteInfo = "OCHamcrest-StaticLib";
		};
		A315257A11D27372007F2123 /* PBXContainerItemProxy */ = {
			isa = PBXContainerItemProxy;
			containerPortal = A315256F11D27372007F2123 /* OCHamcrest.xcodeproj */;
			proxyType = 2;
			remoteGlobalIDString = 0F2A4B1F0D8B68B400051BCF;
			remoteInfo = UnitTests;
		};
/* End PBXContainerItemProxy section */

/* Begin PBXFileReference section */
		1D30AB110D05D00D00671497 /* Foundation.framework */ = {isa = PBXFileReference; lastKnownFileType = wrapper.framework; name = Foundation.framework; path = System/Library/Frameworks/Foundation.framework; sourceTree = SDKROOT; };
		1D3623240D0F684500981E51 /* AuctionSniperAppDelegate.h */ = {isa = PBXFileReference; fileEncoding = 4; lastKnownFileType = sourcecode.c.h; path = AuctionSniperAppDelegate.h; sourceTree = "<group>"; };
		1D3623250D0F684500981E51 /* AuctionSniperAppDelegate.m */ = {isa = PBXFileReference; fileEncoding = 4; lastKnownFileType = sourcecode.c.objc; path = AuctionSniperAppDelegate.m; sourceTree = "<group>"; };
		1D6058910D05DD3D006BFB54 /* AuctionSniper.app */ = {isa = PBXFileReference; explicitFileType = wrapper.application; includeInIndex = 0; path = AuctionSniper.app; sourceTree = BUILT_PRODUCTS_DIR; };
		288765FC0DF74451002DB57D /* CoreGraphics.framework */ = {isa = PBXFileReference; lastKnownFileType = wrapper.framework; name = CoreGraphics.framework; path = System/Library/Frameworks/CoreGraphics.framework; sourceTree = SDKROOT; };
		28AD733E0D9D9553002E5188 /* MainWindow.xib */ = {isa = PBXFileReference; lastKnownFileType = file.xib; path = MainWindow.xib; sourceTree = "<group>"; };
		29B97316FDCFA39411CA2CEA /* main.m */ = {isa = PBXFileReference; fileEncoding = 4; lastKnownFileType = sourcecode.c.objc; path = main.m; sourceTree = "<group>"; };
		32CA4F630368D1EE00C91783 /* AuctionSniper_Prefix.pch */ = {isa = PBXFileReference; fileEncoding = 4; lastKnownFileType = sourcecode.c.h; path = AuctionSniper_Prefix.pch; sourceTree = "<group>"; };
		8D1107310486CEB800E47090 /* AuctionSniper-Info.plist */ = {isa = PBXFileReference; fileEncoding = 4; lastKnownFileType = text.plist.xml; path = "AuctionSniper-Info.plist"; plistStructureDefinitionIdentifier = "com.apple.xcode.plist.structure-definition.iphone.info-plist"; sourceTree = "<group>"; };
		A31520D011D237FE007F2123 /* Acceptance-Info.plist */ = {isa = PBXFileReference; lastKnownFileType = text.plist.xml; path = "Acceptance-Info.plist"; sourceTree = "<group>"; };
		A315219D11D238AB007F2123 /* main.m */ = {isa = PBXFileReference; fileEncoding = 4; lastKnownFileType = sourcecode.c.objc; path = main.m; sourceTree = "<group>"; };
		A31521B111D238D3007F2123 /* AuctionSniper.app */ = {isa = PBXFileReference; explicitFileType = wrapper.application; includeInIndex = 0; path = AuctionSniper.app; sourceTree = BUILT_PRODUCTS_DIR; };
		A31521B311D238D3007F2123 /* AuctionSniper-Info copy.plist */ = {isa = PBXFileReference; lastKnownFileType = text.plist.xml; path = "AuctionSniper-Info copy.plist"; sourceTree = "<group>"; };
		A315223711D23CE0007F2123 /* Bromine.xcodeproj */ = {isa = PBXFileReference; lastKnownFileType = "wrapper.pb-project"; name = Bromine.xcodeproj; path = ../../../mine/bromine/Bromine.xcodeproj; sourceTree = SOURCE_ROOT; };
		A315245A11D2692C007F2123 /* Cedar.xcodeproj */ = {isa = PBXFileReference; lastKnownFileType = "wrapper.pb-project"; name = Cedar.xcodeproj; path = ../../../mine/cedar/Cedar.xcodeproj; sourceTree = SOURCE_ROOT; };
		A31524EB11D26EE0007F2123 /* SkeletonTest.m */ = {isa = PBXFileReference; fileEncoding = 4; lastKnownFileType = sourcecode.c.objc; path = SkeletonTest.m; sourceTree = "<group>"; };
		A315256F11D27372007F2123 /* OCHamcrest.xcodeproj */ = {isa = PBXFileReference; lastKnownFileType = "wrapper.pb-project"; name = OCHamcrest.xcodeproj; path = ../../../mine/cedar/External/OCHamcrest/Source/OCHamcrest.xcodeproj; sourceTree = SOURCE_ROOT; };
		A3FC540A11D7CA390045F352 /* UIKit.framework */ = {isa = PBXFileReference; lastKnownFileType = wrapper.framework; name = UIKit.framework; path = System/Library/Frameworks/UIKit.framework; sourceTree = SDKROOT; };
		A3FC548C11D825170045F352 /* AuctionSniperViewController.h */ = {isa = PBXFileReference; fileEncoding = 4; lastKnownFileType = sourcecode.c.h; path = AuctionSniperViewController.h; sourceTree = "<group>"; };
		A3FC548D11D825170045F352 /* AuctionSniperViewController.m */ = {isa = PBXFileReference; fileEncoding = 4; lastKnownFileType = sourcecode.c.objc; path = AuctionSniperViewController.m; sourceTree = "<group>"; };
		A3FC549411D825330045F352 /* AuctionSniperViewController.xib */ = {isa = PBXFileReference; lastKnownFileType = file.xib; path = AuctionSniperViewController.xib; sourceTree = "<group>"; };
/* End PBXFileReference section */

/* Begin PBXFrameworksBuildPhase section */
		1D60588F0D05DD3D006BFB54 /* Frameworks */ = {
			isa = PBXFrameworksBuildPhase;
			buildActionMask = 2147483647;
			files = (
				A3FC540B11D7CA390045F352 /* UIKit.framework in Frameworks */,
				1D60589F0D05DD5A006BFB54 /* Foundation.framework in Frameworks */,
				288765FD0DF74451002DB57D /* CoreGraphics.framework in Frameworks */,
			);
			runOnlyForDeploymentPostprocessing = 0;
		};
		A31521AA11D238D3007F2123 /* Frameworks */ = {
			isa = PBXFrameworksBuildPhase;
			buildActionMask = 2147483647;
			files = (
				A3FC540E11D7CA3D0045F352 /* UIKit.framework in Frameworks */,
				A31521AB11D238D3007F2123 /* Foundation.framework in Frameworks */,
				A31521AD11D238D3007F2123 /* CoreGraphics.framework in Frameworks */,
			);
			runOnlyForDeploymentPostprocessing = 0;
		};
/* End PBXFrameworksBuildPhase section */

/* Begin PBXGroup section */
		080E96DDFE201D6D7F000001 /* Classes */ = {
			isa = PBXGroup;
			children = (
				A3FC548B11D825030045F352 /* Controllers */,
				1D3623240D0F684500981E51 /* AuctionSniperAppDelegate.h */,
				1D3623250D0F684500981E51 /* AuctionSniperAppDelegate.m */,
			);
			path = Classes;
			sourceTree = "<group>";
		};
		19C28FACFE9D520D11CA2CBB /* Products */ = {
			isa = PBXGroup;
			children = (
				1D6058910D05DD3D006BFB54 /* AuctionSniper.app */,
				A31521B111D238D3007F2123 /* AuctionSniper.app */,
			);
			name = Products;
			sourceTree = "<group>";
		};
		29B97314FDCFA39411CA2CEA /* CustomTemplate */ = {
			isa = PBXGroup;
			children = (
				A315223311D23CD6007F2123 /* External */,
				A31520AC11D236CA007F2123 /* Tests */,
				080E96DDFE201D6D7F000001 /* Classes */,
				29B97323FDCFA39411CA2CEA /* Frameworks */,
				29B97315FDCFA39411CA2CEA /* Other Sources */,
				29B97317FDCFA39411CA2CEA /* Resources */,
				19C28FACFE9D520D11CA2CBB /* Products */,
				A31520D011D237FE007F2123 /* Acceptance-Info.plist */,
			);
			name = CustomTemplate;
			sourceTree = "<group>";
		};
		29B97315FDCFA39411CA2CEA /* Other Sources */ = {
			isa = PBXGroup;
			children = (
				32CA4F630368D1EE00C91783 /* AuctionSniper_Prefix.pch */,
				29B97316FDCFA39411CA2CEA /* main.m */,
				8D1107310486CEB800E47090 /* AuctionSniper-Info.plist */,
				A31521B311D238D3007F2123 /* AuctionSniper-Info copy.plist */,
			);
			name = "Other Sources";
			sourceTree = "<group>";
		};
		29B97317FDCFA39411CA2CEA /* Resources */ = {
			isa = PBXGroup;
			children = (
				A31520C511D2376C007F2123 /* Nibs */,
			);
			path = Resources;
			sourceTree = "<group>";
		};
		29B97323FDCFA39411CA2CEA /* Frameworks */ = {
			isa = PBXGroup;
			children = (
				1D30AB110D05D00D00671497 /* Foundation.framework */,
				288765FC0DF74451002DB57D /* CoreGraphics.framework */,
				A3FC540A11D7CA390045F352 /* UIKit.framework */,
			);
			name = Frameworks;
			sourceTree = "<group>";
		};
		A31520AC11D236CA007F2123 /* Tests */ = {
			isa = PBXGroup;
			children = (
				A31520B011D236DA007F2123 /* Acceptance */,
				A31520AF11D236D3007F2123 /* Unit */,
			);
			path = Tests;
			sourceTree = "<group>";
		};
		A31520AF11D236D3007F2123 /* Unit */ = {
			isa = PBXGroup;
			children = (
			);
			path = Unit;
			sourceTree = "<group>";
		};
		A31520B011D236DA007F2123 /* Acceptance */ = {
			isa = PBXGroup;
			children = (
				A31524BB11D26D4D007F2123 /* Support */,
				A31524EB11D26EE0007F2123 /* SkeletonTest.m */,
			);
			path = Acceptance;
			sourceTree = "<group>";
		};
		A31520C511D2376C007F2123 /* Nibs */ = {
			isa = PBXGroup;
			children = (
				A3FC549411D825330045F352 /* AuctionSniperViewController.xib */,
				28AD733E0D9D9553002E5188 /* MainWindow.xib */,
			);
			path = Nibs;
			sourceTree = "<group>";
		};
		A315223311D23CD6007F2123 /* External */ = {
			isa = PBXGroup;
			children = (
				A315256F11D27372007F2123 /* OCHamcrest.xcodeproj */,
				A315245A11D2692C007F2123 /* Cedar.xcodeproj */,
				A315223711D23CE0007F2123 /* Bromine.xcodeproj */,
			);
			name = External;
			sourceTree = "<group>";
		};
		A315223811D23CE0007F2123 /* Products */ = {
			isa = PBXGroup;
			children = (
				A315223C11D23CE0007F2123 /* libBromine.a */,
			);
			name = Products;
			sourceTree = "<group>";
		};
		A315245B11D2692C007F2123 /* Products */ = {
			isa = PBXGroup;
			children = (
				A315246E11D2692C007F2123 /* Cedar.framework */,
				A315247011D2692C007F2123 /* Test */,
				A315247211D2692C007F2123 /* libCedar-StaticLib-iphonesimulator.a */,
				A315247411D2692C007F2123 /* iPhoneSpecs.app */,
			);
			name = Products;
			sourceTree = "<group>";
		};
		A31524BB11D26D4D007F2123 /* Support */ = {
			isa = PBXGroup;
			children = (
				A315219D11D238AB007F2123 /* main.m */,
			);
			name = Support;
			sourceTree = "<group>";
		};
		A315257011D27372007F2123 /* Products */ = {
			isa = PBXGroup;
			children = (
				A315257711D27372007F2123 /* OCHamcrest.framework */,
				A315257911D27372007F2123 /* libOCHamcrest-StaticLib-iphonesimulator.a */,
				A315257B11D27372007F2123 /* UnitTests.octest */,
			);
			name = Products;
			sourceTree = "<group>";
		};
		A3FC548B11D825030045F352 /* Controllers */ = {
			isa = PBXGroup;
			children = (
				A3FC548C11D825170045F352 /* AuctionSniperViewController.h */,
				A3FC548D11D825170045F352 /* AuctionSniperViewController.m */,
			);
			name = Controllers;
			sourceTree = "<group>";
		};
/* End PBXGroup section */

/* Begin PBXNativeTarget section */
		1D6058900D05DD3D006BFB54 /* AuctionSniper */ = {
			isa = PBXNativeTarget;
			buildConfigurationList = 1D6058960D05DD3E006BFB54 /* Build configuration list for PBXNativeTarget "AuctionSniper" */;
			buildPhases = (
				1D60588D0D05DD3D006BFB54 /* Resources */,
				1D60588E0D05DD3D006BFB54 /* Sources */,
				1D60588F0D05DD3D006BFB54 /* Frameworks */,
			);
			buildRules = (
			);
			dependencies = (
			);
			name = AuctionSniper;
			productName = AuctionSniper;
			productReference = 1D6058910D05DD3D006BFB54 /* AuctionSniper.app */;
			productType = "com.apple.product-type.application";
		};
		A31521A411D238D3007F2123 /* Testing */ = {
			isa = PBXNativeTarget;
			buildConfigurationList = A31521AE11D238D3007F2123 /* Build configuration list for PBXNativeTarget "Testing" */;
			buildPhases = (
				A31521A511D238D3007F2123 /* Resources */,
				A31521A711D238D3007F2123 /* Sources */,
				A31521AA11D238D3007F2123 /* Frameworks */,
			);
			buildRules = (
			);
			dependencies = (
			);
			name = Testing;
			productName = AuctionSniper;
			productReference = A31521B111D238D3007F2123 /* AuctionSniper.app */;
			productType = "com.apple.product-type.application";
		};
/* End PBXNativeTarget section */

/* Begin PBXProject section */
		29B97313FDCFA39411CA2CEA /* Project object */ = {
			isa = PBXProject;
			buildConfigurationList = C01FCF4E08A954540054247B /* Build configuration list for PBXProject "AuctionSniper" */;
			compatibilityVersion = "Xcode 3.1";
			hasScannedForEncodings = 1;
			mainGroup = 29B97314FDCFA39411CA2CEA /* CustomTemplate */;
			projectDirPath = "";
			projectReferences = (
				{
					ProductGroup = A315223811D23CE0007F2123 /* Products */;
					ProjectRef = A315223711D23CE0007F2123 /* Bromine.xcodeproj */;
				},
				{
					ProductGroup = A315245B11D2692C007F2123 /* Products */;
					ProjectRef = A315245A11D2692C007F2123 /* Cedar.xcodeproj */;
				},
				{
					ProductGroup = A315257011D27372007F2123 /* Products */;
					ProjectRef = A315256F11D27372007F2123 /* OCHamcrest.xcodeproj */;
				},
			);
			projectRoot = "";
			targets = (
				1D6058900D05DD3D006BFB54 /* AuctionSniper */,
				A31521A411D238D3007F2123 /* Testing */,
			);
		};
/* End PBXProject section */

/* Begin PBXReferenceProxy section */
		A315223C11D23CE0007F2123 /* libBromine.a */ = {
			isa = PBXReferenceProxy;
			fileType = archive.ar;
			path = libBromine.a;
			remoteRef = A315223B11D23CE0007F2123 /* PBXContainerItemProxy */;
			sourceTree = BUILT_PRODUCTS_DIR;
		};
		A315246E11D2692C007F2123 /* Cedar.framework */ = {
			isa = PBXReferenceProxy;
			fileType = wrapper.framework;
			path = Cedar.framework;
			remoteRef = A315246D11D2692C007F2123 /* PBXContainerItemProxy */;
			sourceTree = BUILT_PRODUCTS_DIR;
		};
		A315247011D2692C007F2123 /* Test */ = {
			isa = PBXReferenceProxy;
			fileType = "compiled.mach-o.executable";
			path = Test;
			remoteRef = A315246F11D2692C007F2123 /* PBXContainerItemProxy */;
			sourceTree = BUILT_PRODUCTS_DIR;
		};
		A315247211D2692C007F2123 /* libCedar-StaticLib-iphonesimulator.a */ = {
			isa = PBXReferenceProxy;
			fileType = archive.ar;
			path = "libCedar-StaticLib-iphonesimulator.a";
			remoteRef = A315247111D2692C007F2123 /* PBXContainerItemProxy */;
			sourceTree = BUILT_PRODUCTS_DIR;
		};
		A315247411D2692C007F2123 /* iPhoneSpecs.app */ = {
			isa = PBXReferenceProxy;
			fileType = wrapper.application;
			path = iPhoneSpecs.app;
			remoteRef = A315247311D2692C007F2123 /* PBXContainerItemProxy */;
			sourceTree = BUILT_PRODUCTS_DIR;
		};
		A315257711D27372007F2123 /* OCHamcrest.framework */ = {
			isa = PBXReferenceProxy;
			fileType = wrapper.framework;
			path = OCHamcrest.framework;
			remoteRef = A315257611D27372007F2123 /* PBXContainerItemProxy */;
			sourceTree = BUILT_PRODUCTS_DIR;
		};
		A315257911D27372007F2123 /* libOCHamcrest-StaticLib-iphonesimulator.a */ = {
			isa = PBXReferenceProxy;
			fileType = archive.ar;
			path = "libOCHamcrest-StaticLib-iphonesimulator.a";
			remoteRef = A315257811D27372007F2123 /* PBXContainerItemProxy */;
			sourceTree = BUILT_PRODUCTS_DIR;
		};
		A315257B11D27372007F2123 /* UnitTests.octest */ = {
			isa = PBXReferenceProxy;
			fileType = wrapper.cfbundle;
			path = UnitTests.octest;
			remoteRef = A315257A11D27372007F2123 /* PBXContainerItemProxy */;
			sourceTree = BUILT_PRODUCTS_DIR;
		};
/* End PBXReferenceProxy section */

/* Begin PBXResourcesBuildPhase section */
		1D60588D0D05DD3D006BFB54 /* Resources */ = {
			isa = PBXResourcesBuildPhase;
			buildActionMask = 2147483647;
			files = (
				A3FC54A711D826240045F352 /* AuctionSniperViewController.xib in Resources */,
				28AD733F0D9D9553002E5188 /* MainWindow.xib in Resources */,
			);
			runOnlyForDeploymentPostprocessing = 0;
		};
		A31521A511D238D3007F2123 /* Resources */ = {
			isa = PBXResourcesBuildPhase;
			buildActionMask = 2147483647;
			files = (
				A31521A611D238D3007F2123 /* MainWindow.xib in Resources */,
				A3FC549511D825330045F352 /* AuctionSniperViewController.xib in Resources */,
			);
			runOnlyForDeploymentPostprocessing = 0;
		};
/* End PBXResourcesBuildPhase section */

/* Begin PBXSourcesBuildPhase section */
		1D60588E0D05DD3D006BFB54 /* Sources */ = {
			isa = PBXSourcesBuildPhase;
			buildActionMask = 2147483647;
			files = (
				1D60589B0D05DD56006BFB54 /* main.m in Sources */,
				1D3623260D0F684500981E51 /* AuctionSniperAppDelegate.m in Sources */,
			);
			runOnlyForDeploymentPostprocessing = 0;
		};
		A31521A711D238D3007F2123 /* Sources */ = {
			isa = PBXSourcesBuildPhase;
			buildActionMask = 2147483647;
			files = (
				A3FC547411D7CA810045F352 /* main.m in Sources */,
				A31521A911D238D3007F2123 /* AuctionSniperAppDelegate.m in Sources */,
				A3FC548F11D825170045F352 /* AuctionSniperViewController.m in Sources */,
			);
			runOnlyForDeploymentPostprocessing = 0;
		};
/* End PBXSourcesBuildPhase section */

/* Begin XCBuildConfiguration section */
		1D6058940D05DD3E006BFB54 /* Debug */ = {
			isa = XCBuildConfiguration;
			buildSettings = {
				ALWAYS_SEARCH_USER_PATHS = NO;
				COPY_PHASE_STRIP = NO;
				GCC_DYNAMIC_NO_PIC = NO;
				GCC_OPTIMIZATION_LEVEL = 0;
				GCC_PRECOMPILE_PREFIX_HEADER = YES;
				GCC_PREFIX_HEADER = AuctionSniper_Prefix.pch;
				INFOPLIST_FILE = "AuctionSniper-Info.plist";
				PRODUCT_NAME = AuctionSniper;
			};
			name = Debug;
		};
		1D6058950D05DD3E006BFB54 /* Release */ = {
			isa = XCBuildConfiguration;
			buildSettings = {
				ALWAYS_SEARCH_USER_PATHS = NO;
				COPY_PHASE_STRIP = YES;
				GCC_PRECOMPILE_PREFIX_HEADER = YES;
				GCC_PREFIX_HEADER = AuctionSniper_Prefix.pch;
				INFOPLIST_FILE = "AuctionSniper-Info.plist";
				PRODUCT_NAME = AuctionSniper;
				VALIDATE_PRODUCT = YES;
			};
			name = Release;
		};
		A31521AF11D238D3007F2123 /* Debug */ = {
			isa = XCBuildConfiguration;
			buildSettings = {
				ALWAYS_SEARCH_USER_PATHS = NO;
				COPY_PHASE_STRIP = NO;
				FRAMEWORK_SEARCH_PATHS = (
					"~/Code/mine/cedar/build/${CONFIGURATION}-iphoneuniversal",
					"~/Code/mine/cedar/External/OCHamcrest/Source/build/${CONFIGURATION}",
					"~/Code/mine/cedar/External/OCMock/Source/build/${CONFIGURATION}",
				);
				GCC_DYNAMIC_NO_PIC = NO;
				GCC_OPTIMIZATION_LEVEL = 0;
				GCC_PRECOMPILE_PREFIX_HEADER = YES;
				GCC_PREFIX_HEADER = AuctionSniper_Prefix.pch;
				GCC_PREPROCESSOR_DEFINITIONS = BROMINE_ENABLED;
				GCC_VERSION = 4.2;
				INFOPLIST_FILE = "AuctionSniper-Info copy.plist";
				OTHER_LDFLAGS = (
					"-ObjC",
					"-all_load",
					"-lstdc++",
				);
				PRODUCT_NAME = AuctionSniper;
				USER_HEADER_SEARCH_PATHS = "~/Code/mine/bromine/build/${CONFIGURATION}${EFFECTIVE_PLATFORM_NAME}/usr/local/include";
			};
			name = Debug;
		};
		A31521B011D238D3007F2123 /* Release */ = {
			isa = XCBuildConfiguration;
			buildSettings = {
				ALWAYS_SEARCH_USER_PATHS = NO;
				COPY_PHASE_STRIP = YES;
				FRAMEWORK_SEARCH_PATHS = "~/Code/mine/cedar/build/${CONFIGURATION}-iphoneuniversal";
				GCC_PRECOMPILE_PREFIX_HEADER = YES;
				GCC_PREFIX_HEADER = AuctionSniper_Prefix.pch;
				GCC_PREPROCESSOR_DEFINITIONS = BROMINE_ENABLED;
				GCC_VERSION = 4.2;
				INFOPLIST_FILE = "AuctionSniper-Info copy.plist";
				OTHER_LDFLAGS = (
					"-ObjC",
					"-all_load",
					"-lstdc++",
				);
				PRODUCT_NAME = AuctionSniper;
				USER_HEADER_SEARCH_PATHS = "~/Code/mine/bromine/build/${CONFIGURATION}${EFFECTIVE_PLATFORM_NAME}/usr/local/include";
				VALIDATE_PRODUCT = YES;
			};
			name = Release;
		};
		C01FCF4F08A954540054247B /* Debug */ = {
			isa = XCBuildConfiguration;
			buildSettings = {
				ARCHS = "$(ARCHS_STANDARD_32_BIT)";
				"CODE_SIGN_IDENTITY[sdk=iphoneos*]" = "iPhone Developer";
				GCC_C_LANGUAGE_STANDARD = c99;
				GCC_WARN_ABOUT_RETURN_TYPE = YES;
				GCC_WARN_UNUSED_VARIABLE = YES;
				PREBINDING = NO;
				SDKROOT = iphoneos4.0;
			};
			name = Debug;
		};
		C01FCF5008A954540054247B /* Release */ = {
			isa = XCBuildConfiguration;
			buildSettings = {
				ARCHS = "$(ARCHS_STANDARD_32_BIT)";
				"CODE_SIGN_IDENTITY[sdk=iphoneos*]" = "iPhone Developer";
				GCC_C_LANGUAGE_STANDARD = c99;
				GCC_WARN_ABOUT_RETURN_TYPE = YES;
				GCC_WARN_UNUSED_VARIABLE = YES;
				OTHER_CFLAGS = "-DNS_BLOCK_ASSERTIONS=1";
				PREBINDING = NO;
				SDKROOT = iphoneos4.0;
			};
			name = Release;
		};
/* End XCBuildConfiguration section */

/* Begin XCConfigurationList section */
		1D6058960D05DD3E006BFB54 /* Build configuration list for PBXNativeTarget "AuctionSniper" */ = {
			isa = XCConfigurationList;
			buildConfigurations = (
				1D6058940D05DD3E006BFB54 /* Debug */,
				1D6058950D05DD3E006BFB54 /* Release */,
			);
			defaultConfigurationIsVisible = 0;
			defaultConfigurationName = Release;
		};
		A31521AE11D238D3007F2123 /* Build configuration list for PBXNativeTarget "Testing" */ = {
			isa = XCConfigurationList;
			buildConfigurations = (
				A31521AF11D238D3007F2123 /* Debug */,
				A31521B011D238D3007F2123 /* Release */,
			);
			defaultConfigurationIsVisible = 0;
			defaultConfigurationName = Release;
		};
		C01FCF4E08A954540054247B /* Build configuration list for PBXProject "AuctionSniper" */ = {
			isa = XCConfigurationList;
			buildConfigurations = (
				C01FCF4F08A954540054247B /* Debug */,
				C01FCF5008A954540054247B /* Release */,
			);
			defaultConfigurationIsVisible = 0;
			defaultConfigurationName = Release;
		};
/* End XCConfigurationList section */
	};
	rootObject = 29B97313FDCFA39411CA2CEA /* Project object */;
}
