// !$*UTF8*$!
{
	archiveVersion = 1;
	classes = {
	};
	objectVersion = 45;
	objects = {

/* Begin PBXBuildFile section */
		1D3623260D0F684500981E51 /* AuctionSniperAppDelegate.m in Sources */ = {isa = PBXBuildFile; fileRef = 1D3623250D0F684500981E51 /* AuctionSniperAppDelegate.m */; };
		1D60589B0D05DD56006BFB54 /* main.m in Sources */ = {isa = PBXBuildFile; fileRef = 29B97316FDCFA39411CA2CEA /* main.m */; };
		1D60589F0D05DD5A006BFB54 /* Foundation.framework in Frameworks */ = {isa = PBXBuildFile; fileRef = 1D30AB110D05D00D00671497 /* Foundation.framework */; };
		288765FD0DF74451002DB57D /* CoreGraphics.framework in Frameworks */ = {isa = PBXBuildFile; fileRef = 288765FC0DF74451002DB57D /* CoreGraphics.framework */; };
		28AD733F0D9D9553002E5188 /* MainWindow.xib in Resources */ = {isa = PBXBuildFile; fileRef = 28AD733E0D9D9553002E5188 /* MainWindow.xib */; };
		A31521A611D238D3007F2123 /* MainWindow.xib in Resources */ = {isa = PBXBuildFile; fileRef = 28AD733E0D9D9553002E5188 /* MainWindow.xib */; };
		A31521A911D238D3007F2123 /* AuctionSniperAppDelegate.m in Sources */ = {isa = PBXBuildFile; fileRef = 1D3623250D0F684500981E51 /* AuctionSniperAppDelegate.m */; };
		A31521AB11D238D3007F2123 /* Foundation.framework in Frameworks */ = {isa = PBXBuildFile; fileRef = 1D30AB110D05D00D00671497 /* Foundation.framework */; };
		A31521AD11D238D3007F2123 /* CoreGraphics.framework in Frameworks */ = {isa = PBXBuildFile; fileRef = 288765FC0DF74451002DB57D /* CoreGraphics.framework */; };
		A3FC540B11D7CA390045F352 /* UIKit.framework in Frameworks */ = {isa = PBXBuildFile; fileRef = A3FC540A11D7CA390045F352 /* UIKit.framework */; };
		A3FC540E11D7CA3D0045F352 /* UIKit.framework in Frameworks */ = {isa = PBXBuildFile; fileRef = A3FC540A11D7CA390045F352 /* UIKit.framework */; };
		A3FC547411D7CA810045F352 /* main.m in Sources */ = {isa = PBXBuildFile; fileRef = 29B97316FDCFA39411CA2CEA /* main.m */; };
		A3FC548F11D825170045F352 /* AuctionSniperViewController.m in Sources */ = {isa = PBXBuildFile; fileRef = A3FC548D11D825170045F352 /* AuctionSniperViewController.m */; };
		A3FC549511D825330045F352 /* AuctionSniperViewController.xib in Resources */ = {isa = PBXBuildFile; fileRef = A3FC549411D825330045F352 /* AuctionSniperViewController.xib */; };
		A3FC54A711D826240045F352 /* AuctionSniperViewController.xib in Resources */ = {isa = PBXBuildFile; fileRef = A3FC549411D825330045F352 /* AuctionSniperViewController.xib */; };
		A3FC54BA11D8287A0045F352 /* CFNetwork.framework in Frameworks */ = {isa = PBXBuildFile; fileRef = A3FC54B911D8287A0045F352 /* CFNetwork.framework */; };
		A3FC54C811D828AE0045F352 /* AsyncSocket.m in Sources */ = {isa = PBXBuildFile; fileRef = A3FC54C711D828AE0045F352 /* AsyncSocket.m */; };
		A3FC54C911D828AE0045F352 /* AsyncSocket.m in Sources */ = {isa = PBXBuildFile; fileRef = A3FC54C711D828AE0045F352 /* AsyncSocket.m */; };
		A3FC54D511D828BC0045F352 /* DDXMLDocument.m in Sources */ = {isa = PBXBuildFile; fileRef = A3FC54CD11D828BC0045F352 /* DDXMLDocument.m */; };
		A3FC54D611D828BC0045F352 /* DDXMLElement.m in Sources */ = {isa = PBXBuildFile; fileRef = A3FC54CF11D828BC0045F352 /* DDXMLElement.m */; };
		A3FC54D711D828BC0045F352 /* DDXMLNode.m in Sources */ = {isa = PBXBuildFile; fileRef = A3FC54D111D828BC0045F352 /* DDXMLNode.m */; };
		A3FC54D811D828BC0045F352 /* NSStringAdditions.m in Sources */ = {isa = PBXBuildFile; fileRef = A3FC54D411D828BC0045F352 /* NSStringAdditions.m */; };
		A3FC54D911D828BC0045F352 /* DDXMLDocument.m in Sources */ = {isa = PBXBuildFile; fileRef = A3FC54CD11D828BC0045F352 /* DDXMLDocument.m */; };
		A3FC54DA11D828BC0045F352 /* DDXMLElement.m in Sources */ = {isa = PBXBuildFile; fileRef = A3FC54CF11D828BC0045F352 /* DDXMLElement.m */; };
		A3FC54DB11D828BC0045F352 /* DDXMLNode.m in Sources */ = {isa = PBXBuildFile; fileRef = A3FC54D111D828BC0045F352 /* DDXMLNode.m */; };
		A3FC54DC11D828BC0045F352 /* NSStringAdditions.m in Sources */ = {isa = PBXBuildFile; fileRef = A3FC54D411D828BC0045F352 /* NSStringAdditions.m */; };
		A3FC54FA11D829860045F352 /* XMPPElement.m in Sources */ = {isa = PBXBuildFile; fileRef = A3FC54ED11D829860045F352 /* XMPPElement.m */; };
		A3FC54FB11D829860045F352 /* XMPPIQ.m in Sources */ = {isa = PBXBuildFile; fileRef = A3FC54EF11D829860045F352 /* XMPPIQ.m */; };
		A3FC54FC11D829860045F352 /* XMPPJID.m in Sources */ = {isa = PBXBuildFile; fileRef = A3FC54F111D829860045F352 /* XMPPJID.m */; };
		A3FC54FD11D829860045F352 /* XMPPMessage.m in Sources */ = {isa = PBXBuildFile; fileRef = A3FC54F311D829860045F352 /* XMPPMessage.m */; };
		A3FC54FE11D829860045F352 /* XMPPParser.m in Sources */ = {isa = PBXBuildFile; fileRef = A3FC54F511D829860045F352 /* XMPPParser.m */; };
		A3FC54FF11D829860045F352 /* XMPPPresence.m in Sources */ = {isa = PBXBuildFile; fileRef = A3FC54F711D829860045F352 /* XMPPPresence.m */; };
		A3FC550011D829860045F352 /* XMPPStream.m in Sources */ = {isa = PBXBuildFile; fileRef = A3FC54F911D829860045F352 /* XMPPStream.m */; };
		A3FC550111D829860045F352 /* XMPPElement.m in Sources */ = {isa = PBXBuildFile; fileRef = A3FC54ED11D829860045F352 /* XMPPElement.m */; };
		A3FC550211D829860045F352 /* XMPPIQ.m in Sources */ = {isa = PBXBuildFile; fileRef = A3FC54EF11D829860045F352 /* XMPPIQ.m */; };
		A3FC550311D829860045F352 /* XMPPJID.m in Sources */ = {isa = PBXBuildFile; fileRef = A3FC54F111D829860045F352 /* XMPPJID.m */; };
		A3FC550411D829860045F352 /* XMPPMessage.m in Sources */ = {isa = PBXBuildFile; fileRef = A3FC54F311D829860045F352 /* XMPPMessage.m */; };
		A3FC550511D829860045F352 /* XMPPParser.m in Sources */ = {isa = PBXBuildFile; fileRef = A3FC54F511D829860045F352 /* XMPPParser.m */; };
		A3FC550611D829860045F352 /* XMPPPresence.m in Sources */ = {isa = PBXBuildFile; fileRef = A3FC54F711D829860045F352 /* XMPPPresence.m */; };
		A3FC550711D829860045F352 /* XMPPStream.m in Sources */ = {isa = PBXBuildFile; fileRef = A3FC54F911D829860045F352 /* XMPPStream.m */; };
		A3FC551011D8299C0045F352 /* LibIDN.m in Sources */ = {isa = PBXBuildFile; fileRef = A3FC550911D8299C0045F352 /* LibIDN.m */; };
		A3FC551111D8299C0045F352 /* MulticastDelegate.m in Sources */ = {isa = PBXBuildFile; fileRef = A3FC550B11D8299C0045F352 /* MulticastDelegate.m */; };
		A3FC551211D8299C0045F352 /* NSDataAdditions.m in Sources */ = {isa = PBXBuildFile; fileRef = A3FC550D11D8299C0045F352 /* NSDataAdditions.m */; };
		A3FC551311D8299C0045F352 /* NSXMLElementAdditions.m in Sources */ = {isa = PBXBuildFile; fileRef = A3FC550F11D8299C0045F352 /* NSXMLElementAdditions.m */; };
		A3FC551411D8299C0045F352 /* LibIDN.m in Sources */ = {isa = PBXBuildFile; fileRef = A3FC550911D8299C0045F352 /* LibIDN.m */; };
		A3FC551511D8299C0045F352 /* MulticastDelegate.m in Sources */ = {isa = PBXBuildFile; fileRef = A3FC550B11D8299C0045F352 /* MulticastDelegate.m */; };
		A3FC551611D8299C0045F352 /* NSDataAdditions.m in Sources */ = {isa = PBXBuildFile; fileRef = A3FC550D11D8299C0045F352 /* NSDataAdditions.m */; };
		A3FC551711D8299C0045F352 /* NSXMLElementAdditions.m in Sources */ = {isa = PBXBuildFile; fileRef = A3FC550F11D8299C0045F352 /* NSXMLElementAdditions.m */; };
		A3FC552711D829F30045F352 /* RFSRVResolver.m in Sources */ = {isa = PBXBuildFile; fileRef = A3FC552411D829F30045F352 /* RFSRVResolver.m */; };
		A3FC552811D829F30045F352 /* XMPPModule.m in Sources */ = {isa = PBXBuildFile; fileRef = A3FC552611D829F30045F352 /* XMPPModule.m */; };
		A3FC552911D829F30045F352 /* RFSRVResolver.m in Sources */ = {isa = PBXBuildFile; fileRef = A3FC552411D829F30045F352 /* RFSRVResolver.m */; };
		A3FC552A11D829F30045F352 /* XMPPModule.m in Sources */ = {isa = PBXBuildFile; fileRef = A3FC552611D829F30045F352 /* XMPPModule.m */; };
		A3FC553711D82B460045F352 /* libresolv.dylib in Frameworks */ = {isa = PBXBuildFile; fileRef = A3FC553611D82B460045F352 /* libresolv.dylib */; };
		A3FC554A11D82C420045F352 /* XMPPReconnect.m in Sources */ = {isa = PBXBuildFile; fileRef = A3FC554911D82C420045F352 /* XMPPReconnect.m */; };
		A3FC554B11D82C420045F352 /* XMPPReconnect.m in Sources */ = {isa = PBXBuildFile; fileRef = A3FC554911D82C420045F352 /* XMPPReconnect.m */; };
		A3FC554F11D82C580045F352 /* SystemConfiguration.framework in Frameworks */ = {isa = PBXBuildFile; fileRef = A3FC554E11D82C580045F352 /* SystemConfiguration.framework */; };
		A3FC55DE11D8319C0045F352 /* AuctionSniperViewController.m in Sources */ = {isa = PBXBuildFile; fileRef = A3FC548D11D825170045F352 /* AuctionSniperViewController.m */; };
		A3FC55F711D831D60045F352 /* CFNetwork.framework in Frameworks */ = {isa = PBXBuildFile; fileRef = A3FC54B911D8287A0045F352 /* CFNetwork.framework */; };
		A3FC55F811D831E10045F352 /* libresolv.dylib in Frameworks */ = {isa = PBXBuildFile; fileRef = A3FC553611D82B460045F352 /* libresolv.dylib */; };
		A3FC55F911D831E80045F352 /* SystemConfiguration.framework in Frameworks */ = {isa = PBXBuildFile; fileRef = A3FC554E11D82C580045F352 /* SystemConfiguration.framework */; };
		A3FC5B4011D8EB380045F352 /* AuctionMessageTranslatorTest.m in Sources */ = {isa = PBXBuildFile; fileRef = A3FC574E11D8D7640045F352 /* AuctionMessageTranslatorTest.m */; };
		A3FC5BC011D8ED760045F352 /* libOCHamcrest-StaticLib-iphonesimulator.a in Frameworks */ = {isa = PBXBuildFile; fileRef = A3FC5BBF11D8ED760045F352 /* libOCHamcrest-StaticLib-iphonesimulator.a */; };
		A3FC5BDC11D90A390045F352 /* AuctionMessageTranslator.m in Sources */ = {isa = PBXBuildFile; fileRef = A3FC5BDB11D90A390045F352 /* AuctionMessageTranslator.m */; };
		A3FC5BDD11D90A4B0045F352 /* AuctionMessageTranslator.m in Sources */ = {isa = PBXBuildFile; fileRef = A3FC5BDB11D90A390045F352 /* AuctionMessageTranslator.m */; };
		A3FC5BDE11D90A4B0045F352 /* AuctionMessageTranslator.m in Sources */ = {isa = PBXBuildFile; fileRef = A3FC5BDB11D90A390045F352 /* AuctionMessageTranslator.m */; };
		A3FC5BF111D90C130045F352 /* NSDataAdditions.m in Sources */ = {isa = PBXBuildFile; fileRef = A3FC550D11D8299C0045F352 /* NSDataAdditions.m */; };
		A3FC5BF211D90C130045F352 /* NSXMLElementAdditions.m in Sources */ = {isa = PBXBuildFile; fileRef = A3FC550F11D8299C0045F352 /* NSXMLElementAdditions.m */; };
		A3FC5BF311D90C130045F352 /* XMPPMessage.m in Sources */ = {isa = PBXBuildFile; fileRef = A3FC54F311D829860045F352 /* XMPPMessage.m */; };
		A3FC5BF411D90C130045F352 /* DDXMLDocument.m in Sources */ = {isa = PBXBuildFile; fileRef = A3FC54CD11D828BC0045F352 /* DDXMLDocument.m */; };
		A3FC5BF511D90C130045F352 /* DDXMLElement.m in Sources */ = {isa = PBXBuildFile; fileRef = A3FC54CF11D828BC0045F352 /* DDXMLElement.m */; };
		A3FC5BF611D90C130045F352 /* DDXMLNode.m in Sources */ = {isa = PBXBuildFile; fileRef = A3FC54D111D828BC0045F352 /* DDXMLNode.m */; };
		A3FC5BF711D90C130045F352 /* NSStringAdditions.m in Sources */ = {isa = PBXBuildFile; fileRef = A3FC54D411D828BC0045F352 /* NSStringAdditions.m */; };
		A3FC5C6A11D90C320045F352 /* SystemConfiguration.framework in Frameworks */ = {isa = PBXBuildFile; fileRef = A3FC554E11D82C580045F352 /* SystemConfiguration.framework */; };
		A3FC5C6D11D90C560045F352 /* XMPPElement.m in Sources */ = {isa = PBXBuildFile; fileRef = A3FC54ED11D829860045F352 /* XMPPElement.m */; };
		A3FC5C7011D90C5F0045F352 /* XMPPIQ.m in Sources */ = {isa = PBXBuildFile; fileRef = A3FC54EF11D829860045F352 /* XMPPIQ.m */; };
		A3FC5C7111D90C5F0045F352 /* XMPPJID.m in Sources */ = {isa = PBXBuildFile; fileRef = A3FC54F111D829860045F352 /* XMPPJID.m */; };
		A3FC5C7211D90C5F0045F352 /* XMPPParser.m in Sources */ = {isa = PBXBuildFile; fileRef = A3FC54F511D829860045F352 /* XMPPParser.m */; };
		A3FC5C7311D90C5F0045F352 /* XMPPPresence.m in Sources */ = {isa = PBXBuildFile; fileRef = A3FC54F711D829860045F352 /* XMPPPresence.m */; };
		A3FC5C7411D90C5F0045F352 /* XMPPStream.m in Sources */ = {isa = PBXBuildFile; fileRef = A3FC54F911D829860045F352 /* XMPPStream.m */; };
		A3FC5C7711D90C660045F352 /* CFNetwork.framework in Frameworks */ = {isa = PBXBuildFile; fileRef = A3FC54B911D8287A0045F352 /* CFNetwork.framework */; };
		A3FC5C7A11D90C6F0045F352 /* XMPPReconnect.m in Sources */ = {isa = PBXBuildFile; fileRef = A3FC554911D82C420045F352 /* XMPPReconnect.m */; };
		A3FC5C7B11D90C6F0045F352 /* RFSRVResolver.m in Sources */ = {isa = PBXBuildFile; fileRef = A3FC552411D829F30045F352 /* RFSRVResolver.m */; };
		A3FC5C7C11D90C6F0045F352 /* XMPPModule.m in Sources */ = {isa = PBXBuildFile; fileRef = A3FC552611D829F30045F352 /* XMPPModule.m */; };
		A3FC5C7E11D90C730045F352 /* libresolv.dylib in Frameworks */ = {isa = PBXBuildFile; fileRef = A3FC553611D82B460045F352 /* libresolv.dylib */; };
		A3FC5C8111D90C7D0045F352 /* MulticastDelegate.m in Sources */ = {isa = PBXBuildFile; fileRef = A3FC550B11D8299C0045F352 /* MulticastDelegate.m */; };
		A3FC5C8411D90C860045F352 /* AsyncSocket.m in Sources */ = {isa = PBXBuildFile; fileRef = A3FC54C711D828AE0045F352 /* AsyncSocket.m */; };
		A3FC5D2211D910870045F352 /* libOCMock-StaticLib-iphonesimulator.a in Frameworks */ = {isa = PBXBuildFile; fileRef = A3FC5D2111D910870045F352 /* libOCMock-StaticLib-iphonesimulator.a */; };
		A3FC5E6411D920D20045F352 /* LibIDN.m in Sources */ = {isa = PBXBuildFile; fileRef = A3FC550911D8299C0045F352 /* LibIDN.m */; };
		A3FC5E6811D920EA0045F352 /* libiconv.dylib in Frameworks */ = {isa = PBXBuildFile; fileRef = A3FC560711D8329C0045F352 /* libiconv.dylib */; };
		A3FC5E7C11D924530045F352 /* libidn.a in Frameworks */ = {isa = PBXBuildFile; fileRef = A3FC5E7B11D924530045F352 /* libidn.a */; };
		A3FC5E7D11D924530045F352 /* libidn.a in Frameworks */ = {isa = PBXBuildFile; fileRef = A3FC5E7B11D924530045F352 /* libidn.a */; };
		A3FC5E7E11D924530045F352 /* libidn.a in Frameworks */ = {isa = PBXBuildFile; fileRef = A3FC5E7B11D924530045F352 /* libidn.a */; };
		A3FC5F1211D926680045F352 /* NSInvocation+OCMAdditions.m in Sources */ = {isa = PBXBuildFile; fileRef = A3FC5F0B11D926680045F352 /* NSInvocation+OCMAdditions.m */; };
		A3FC5F1311D926680045F352 /* NSInvocationOCMAdditionsTests.m in Sources */ = {isa = PBXBuildFile; fileRef = A3FC5F0D11D926680045F352 /* NSInvocationOCMAdditionsTests.m */; };
		A3FC5F1411D926680045F352 /* NSMethodSignature+OCMAdditions.m in Sources */ = {isa = PBXBuildFile; fileRef = A3FC5F0F11D926680045F352 /* NSMethodSignature+OCMAdditions.m */; };
		A3FC5F1511D926680045F352 /* NSNotificationCenter+OCMAdditions.m in Sources */ = {isa = PBXBuildFile; fileRef = A3FC5F1111D926680045F352 /* NSNotificationCenter+OCMAdditions.m */; };
		A3FC5F3811D929040045F352 /* AuctionSniperTest.m in Sources */ = {isa = PBXBuildFile; fileRef = A3FC5F3711D929040045F352 /* AuctionSniperTest.m */; };
		A3FC5F4511D929440045F352 /* AuctionSniper.m in Sources */ = {isa = PBXBuildFile; fileRef = A3FC5F4411D929440045F352 /* AuctionSniper.m */; };
		A3FC5F6811D92C160045F352 /* AuctionSniper.m in Sources */ = {isa = PBXBuildFile; fileRef = A3FC5F4411D929440045F352 /* AuctionSniper.m */; };
		A3FC5F6911D92C170045F352 /* AuctionSniper.m in Sources */ = {isa = PBXBuildFile; fileRef = A3FC5F4411D929440045F352 /* AuctionSniper.m */; };
		A3FC5F8011D92DCC0045F352 /* XMPPAuction.m in Sources */ = {isa = PBXBuildFile; fileRef = A3FC5F7F11D92DCC0045F352 /* XMPPAuction.m */; };
		A3FC5F8511D92DDE0045F352 /* XMPPAuction.m in Sources */ = {isa = PBXBuildFile; fileRef = A3FC5F7F11D92DCC0045F352 /* XMPPAuction.m */; };
		A3FC5F8611D92DDF0045F352 /* XMPPAuction.m in Sources */ = {isa = PBXBuildFile; fileRef = A3FC5F7F11D92DCC0045F352 /* XMPPAuction.m */; };
		A3FC5FF311D9372D0045F352 /* XMPPAuctionTest.m in Sources */ = {isa = PBXBuildFile; fileRef = A3FC5FE011D935880045F352 /* XMPPAuctionTest.m */; };
		A3FC60A411D93E0D0045F352 /* ElementHasMessageBody.m in Sources */ = {isa = PBXBuildFile; fileRef = A3FC60A311D93E0D0045F352 /* ElementHasMessageBody.m */; };
		A3FD70F911DC132B008A44FB /* AuctionSnipersDataSource.m in Sources */ = {isa = PBXBuildFile; fileRef = A3FD70F811DC132B008A44FB /* AuctionSnipersDataSource.m */; };
		A3FD713211DC1731008A44FB /* AuctionSnipersDataSource.m in Sources */ = {isa = PBXBuildFile; fileRef = A3FD70F811DC132B008A44FB /* AuctionSnipersDataSource.m */; };
		A3FD713311DC1733008A44FB /* AuctionSnipersDataSource.m in Sources */ = {isa = PBXBuildFile; fileRef = A3FD70F811DC132B008A44FB /* AuctionSnipersDataSource.m */; };
/* End PBXBuildFile section */

/* Begin PBXFileReference section */
		1D30AB110D05D00D00671497 /* Foundation.framework */ = {isa = PBXFileReference; lastKnownFileType = wrapper.framework; name = Foundation.framework; path = System/Library/Frameworks/Foundation.framework; sourceTree = SDKROOT; };
		1D3623240D0F684500981E51 /* AuctionSniperAppDelegate.h */ = {isa = PBXFileReference; fileEncoding = 4; lastKnownFileType = sourcecode.c.h; path = AuctionSniperAppDelegate.h; sourceTree = "<group>"; };
		1D3623250D0F684500981E51 /* AuctionSniperAppDelegate.m */ = {isa = PBXFileReference; fileEncoding = 4; lastKnownFileType = sourcecode.c.objc; path = AuctionSniperAppDelegate.m; sourceTree = "<group>"; };
		1D6058910D05DD3D006BFB54 /* AuctionSniper.app */ = {isa = PBXFileReference; explicitFileType = wrapper.application; includeInIndex = 0; path = AuctionSniper.app; sourceTree = BUILT_PRODUCTS_DIR; };
		288765FC0DF74451002DB57D /* CoreGraphics.framework */ = {isa = PBXFileReference; lastKnownFileType = wrapper.framework; name = CoreGraphics.framework; path = System/Library/Frameworks/CoreGraphics.framework; sourceTree = SDKROOT; };
		28AD733E0D9D9553002E5188 /* MainWindow.xib */ = {isa = PBXFileReference; lastKnownFileType = file.xib; path = MainWindow.xib; sourceTree = "<group>"; };
		29B97316FDCFA39411CA2CEA /* main.m */ = {isa = PBXFileReference; fileEncoding = 4; lastKnownFileType = sourcecode.c.objc; path = main.m; sourceTree = "<group>"; };
		32CA4F630368D1EE00C91783 /* AuctionSniper_Prefix.pch */ = {isa = PBXFileReference; fileEncoding = 4; lastKnownFileType = sourcecode.c.h; path = AuctionSniper_Prefix.pch; sourceTree = "<group>"; };
		8D1107310486CEB800E47090 /* AuctionSniper-Info.plist */ = {isa = PBXFileReference; fileEncoding = 4; lastKnownFileType = text.plist.xml; path = "AuctionSniper-Info.plist"; plistStructureDefinitionIdentifier = "com.apple.xcode.plist.structure-definition.iphone.info-plist"; sourceTree = "<group>"; };
		A31520D011D237FE007F2123 /* Acceptance-Info.plist */ = {isa = PBXFileReference; lastKnownFileType = text.plist.xml; path = "Acceptance-Info.plist"; sourceTree = "<group>"; };
		A31521B111D238D3007F2123 /* AuctionSniper.app */ = {isa = PBXFileReference; explicitFileType = wrapper.application; includeInIndex = 0; path = AuctionSniper.app; sourceTree = BUILT_PRODUCTS_DIR; };
		A3FC540A11D7CA390045F352 /* UIKit.framework */ = {isa = PBXFileReference; lastKnownFileType = wrapper.framework; name = UIKit.framework; path = System/Library/Frameworks/UIKit.framework; sourceTree = SDKROOT; };
		A3FC548C11D825170045F352 /* AuctionSniperViewController.h */ = {isa = PBXFileReference; fileEncoding = 4; lastKnownFileType = sourcecode.c.h; path = AuctionSniperViewController.h; sourceTree = "<group>"; };
		A3FC548D11D825170045F352 /* AuctionSniperViewController.m */ = {isa = PBXFileReference; fileEncoding = 4; lastKnownFileType = sourcecode.c.objc; path = AuctionSniperViewController.m; sourceTree = "<group>"; };
		A3FC549411D825330045F352 /* AuctionSniperViewController.xib */ = {isa = PBXFileReference; lastKnownFileType = file.xib; path = AuctionSniperViewController.xib; sourceTree = "<group>"; };
		A3FC54B911D8287A0045F352 /* CFNetwork.framework */ = {isa = PBXFileReference; lastKnownFileType = wrapper.framework; name = CFNetwork.framework; path = System/Library/Frameworks/CFNetwork.framework; sourceTree = SDKROOT; };
		A3FC54C611D828AE0045F352 /* AsyncSocket.h */ = {isa = PBXFileReference; fileEncoding = 4; lastKnownFileType = sourcecode.c.h; path = AsyncSocket.h; sourceTree = "<group>"; };
		A3FC54C711D828AE0045F352 /* AsyncSocket.m */ = {isa = PBXFileReference; fileEncoding = 4; lastKnownFileType = sourcecode.c.objc; path = AsyncSocket.m; sourceTree = "<group>"; };
		A3FC54CB11D828BC0045F352 /* DDXML.h */ = {isa = PBXFileReference; fileEncoding = 4; lastKnownFileType = sourcecode.c.h; path = DDXML.h; sourceTree = "<group>"; };
		A3FC54CC11D828BC0045F352 /* DDXMLDocument.h */ = {isa = PBXFileReference; fileEncoding = 4; lastKnownFileType = sourcecode.c.h; path = DDXMLDocument.h; sourceTree = "<group>"; };
		A3FC54CD11D828BC0045F352 /* DDXMLDocument.m */ = {isa = PBXFileReference; fileEncoding = 4; lastKnownFileType = sourcecode.c.objc; path = DDXMLDocument.m; sourceTree = "<group>"; };
		A3FC54CE11D828BC0045F352 /* DDXMLElement.h */ = {isa = PBXFileReference; fileEncoding = 4; lastKnownFileType = sourcecode.c.h; path = DDXMLElement.h; sourceTree = "<group>"; };
		A3FC54CF11D828BC0045F352 /* DDXMLElement.m */ = {isa = PBXFileReference; fileEncoding = 4; lastKnownFileType = sourcecode.c.objc; path = DDXMLElement.m; sourceTree = "<group>"; };
		A3FC54D011D828BC0045F352 /* DDXMLNode.h */ = {isa = PBXFileReference; fileEncoding = 4; lastKnownFileType = sourcecode.c.h; path = DDXMLNode.h; sourceTree = "<group>"; };
		A3FC54D111D828BC0045F352 /* DDXMLNode.m */ = {isa = PBXFileReference; fileEncoding = 4; lastKnownFileType = sourcecode.c.objc; path = DDXMLNode.m; sourceTree = "<group>"; };
		A3FC54D211D828BC0045F352 /* DDXMLPrivate.h */ = {isa = PBXFileReference; fileEncoding = 4; lastKnownFileType = sourcecode.c.h; path = DDXMLPrivate.h; sourceTree = "<group>"; };
		A3FC54D311D828BC0045F352 /* NSStringAdditions.h */ = {isa = PBXFileReference; fileEncoding = 4; lastKnownFileType = sourcecode.c.h; path = NSStringAdditions.h; sourceTree = "<group>"; };
		A3FC54D411D828BC0045F352 /* NSStringAdditions.m */ = {isa = PBXFileReference; fileEncoding = 4; lastKnownFileType = sourcecode.c.objc; path = NSStringAdditions.m; sourceTree = "<group>"; };
		A3FC54EB11D829860045F352 /* XMPP.h */ = {isa = PBXFileReference; fileEncoding = 4; lastKnownFileType = sourcecode.c.h; path = XMPP.h; sourceTree = "<group>"; };
		A3FC54EC11D829860045F352 /* XMPPElement.h */ = {isa = PBXFileReference; fileEncoding = 4; lastKnownFileType = sourcecode.c.h; path = XMPPElement.h; sourceTree = "<group>"; };
		A3FC54ED11D829860045F352 /* XMPPElement.m */ = {isa = PBXFileReference; fileEncoding = 4; lastKnownFileType = sourcecode.c.objc; path = XMPPElement.m; sourceTree = "<group>"; };
		A3FC54EE11D829860045F352 /* XMPPIQ.h */ = {isa = PBXFileReference; fileEncoding = 4; lastKnownFileType = sourcecode.c.h; path = XMPPIQ.h; sourceTree = "<group>"; };
		A3FC54EF11D829860045F352 /* XMPPIQ.m */ = {isa = PBXFileReference; fileEncoding = 4; lastKnownFileType = sourcecode.c.objc; path = XMPPIQ.m; sourceTree = "<group>"; };
		A3FC54F011D829860045F352 /* XMPPJID.h */ = {isa = PBXFileReference; fileEncoding = 4; lastKnownFileType = sourcecode.c.h; path = XMPPJID.h; sourceTree = "<group>"; };
		A3FC54F111D829860045F352 /* XMPPJID.m */ = {isa = PBXFileReference; fileEncoding = 4; lastKnownFileType = sourcecode.c.objc; path = XMPPJID.m; sourceTree = "<group>"; };
		A3FC54F211D829860045F352 /* XMPPMessage.h */ = {isa = PBXFileReference; fileEncoding = 4; lastKnownFileType = sourcecode.c.h; path = XMPPMessage.h; sourceTree = "<group>"; };
		A3FC54F311D829860045F352 /* XMPPMessage.m */ = {isa = PBXFileReference; fileEncoding = 4; lastKnownFileType = sourcecode.c.objc; path = XMPPMessage.m; sourceTree = "<group>"; };
		A3FC54F411D829860045F352 /* XMPPParser.h */ = {isa = PBXFileReference; fileEncoding = 4; lastKnownFileType = sourcecode.c.h; path = XMPPParser.h; sourceTree = "<group>"; };
		A3FC54F511D829860045F352 /* XMPPParser.m */ = {isa = PBXFileReference; fileEncoding = 4; lastKnownFileType = sourcecode.c.objc; path = XMPPParser.m; sourceTree = "<group>"; };
		A3FC54F611D829860045F352 /* XMPPPresence.h */ = {isa = PBXFileReference; fileEncoding = 4; lastKnownFileType = sourcecode.c.h; path = XMPPPresence.h; sourceTree = "<group>"; };
		A3FC54F711D829860045F352 /* XMPPPresence.m */ = {isa = PBXFileReference; fileEncoding = 4; lastKnownFileType = sourcecode.c.objc; path = XMPPPresence.m; sourceTree = "<group>"; };
		A3FC54F811D829860045F352 /* XMPPStream.h */ = {isa = PBXFileReference; fileEncoding = 4; lastKnownFileType = sourcecode.c.h; path = XMPPStream.h; sourceTree = "<group>"; };
		A3FC54F911D829860045F352 /* XMPPStream.m */ = {isa = PBXFileReference; fileEncoding = 4; lastKnownFileType = sourcecode.c.objc; path = XMPPStream.m; sourceTree = "<group>"; };
		A3FC550811D8299C0045F352 /* LibIDN.h */ = {isa = PBXFileReference; fileEncoding = 4; lastKnownFileType = sourcecode.c.h; path = LibIDN.h; sourceTree = "<group>"; };
		A3FC550911D8299C0045F352 /* LibIDN.m */ = {isa = PBXFileReference; fileEncoding = 4; lastKnownFileType = sourcecode.c.objc; path = LibIDN.m; sourceTree = "<group>"; };
		A3FC550A11D8299C0045F352 /* MulticastDelegate.h */ = {isa = PBXFileReference; fileEncoding = 4; lastKnownFileType = sourcecode.c.h; path = MulticastDelegate.h; sourceTree = "<group>"; };
		A3FC550B11D8299C0045F352 /* MulticastDelegate.m */ = {isa = PBXFileReference; fileEncoding = 4; lastKnownFileType = sourcecode.c.objc; path = MulticastDelegate.m; sourceTree = "<group>"; };
		A3FC550C11D8299C0045F352 /* NSDataAdditions.h */ = {isa = PBXFileReference; fileEncoding = 4; lastKnownFileType = sourcecode.c.h; path = NSDataAdditions.h; sourceTree = "<group>"; };
		A3FC550D11D8299C0045F352 /* NSDataAdditions.m */ = {isa = PBXFileReference; fileEncoding = 4; lastKnownFileType = sourcecode.c.objc; path = NSDataAdditions.m; sourceTree = "<group>"; };
		A3FC550E11D8299C0045F352 /* NSXMLElementAdditions.h */ = {isa = PBXFileReference; fileEncoding = 4; lastKnownFileType = sourcecode.c.h; path = NSXMLElementAdditions.h; sourceTree = "<group>"; };
		A3FC550F11D8299C0045F352 /* NSXMLElementAdditions.m */ = {isa = PBXFileReference; fileEncoding = 4; lastKnownFileType = sourcecode.c.objc; path = NSXMLElementAdditions.m; sourceTree = "<group>"; };
		A3FC551A11D829B20045F352 /* idn-int.h */ = {isa = PBXFileReference; fileEncoding = 4; lastKnownFileType = sourcecode.c.h; path = "idn-int.h"; sourceTree = "<group>"; };
		A3FC551B11D829B20045F352 /* stringprep.h */ = {isa = PBXFileReference; fileEncoding = 4; lastKnownFileType = sourcecode.c.h; path = stringprep.h; sourceTree = "<group>"; };
		A3FC552311D829F30045F352 /* RFSRVResolver.h */ = {isa = PBXFileReference; fileEncoding = 4; lastKnownFileType = sourcecode.c.h; path = RFSRVResolver.h; sourceTree = "<group>"; };
		A3FC552411D829F30045F352 /* RFSRVResolver.m */ = {isa = PBXFileReference; fileEncoding = 4; lastKnownFileType = sourcecode.c.objc; path = RFSRVResolver.m; sourceTree = "<group>"; };
		A3FC552511D829F30045F352 /* XMPPModule.h */ = {isa = PBXFileReference; fileEncoding = 4; lastKnownFileType = sourcecode.c.h; path = XMPPModule.h; sourceTree = "<group>"; };
		A3FC552611D829F30045F352 /* XMPPModule.m */ = {isa = PBXFileReference; fileEncoding = 4; lastKnownFileType = sourcecode.c.objc; path = XMPPModule.m; sourceTree = "<group>"; };
		A3FC553611D82B460045F352 /* libresolv.dylib */ = {isa = PBXFileReference; lastKnownFileType = "compiled.mach-o.dylib"; name = libresolv.dylib; path = usr/lib/libresolv.dylib; sourceTree = SDKROOT; };
		A3FC554811D82C420045F352 /* XMPPReconnect.h */ = {isa = PBXFileReference; fileEncoding = 4; lastKnownFileType = sourcecode.c.h; path = XMPPReconnect.h; sourceTree = "<group>"; };
		A3FC554911D82C420045F352 /* XMPPReconnect.m */ = {isa = PBXFileReference; fileEncoding = 4; lastKnownFileType = sourcecode.c.objc; path = XMPPReconnect.m; sourceTree = "<group>"; };
		A3FC554E11D82C580045F352 /* SystemConfiguration.framework */ = {isa = PBXFileReference; lastKnownFileType = wrapper.framework; name = SystemConfiguration.framework; path = System/Library/Frameworks/SystemConfiguration.framework; sourceTree = SDKROOT; };
		A3FC560711D8329C0045F352 /* libiconv.dylib */ = {isa = PBXFileReference; lastKnownFileType = "compiled.mach-o.dylib"; name = libiconv.dylib; path = usr/lib/libiconv.dylib; sourceTree = SDKROOT; };
		A3FC574E11D8D7640045F352 /* AuctionMessageTranslatorTest.m */ = {isa = PBXFileReference; fileEncoding = 4; lastKnownFileType = sourcecode.c.objc; path = AuctionMessageTranslatorTest.m; sourceTree = "<group>"; };
		A3FC5B3911D8EB2B0045F352 /* Unit Tests.octest */ = {isa = PBXFileReference; explicitFileType = wrapper.cfbundle; includeInIndex = 0; path = "Unit Tests.octest"; sourceTree = BUILT_PRODUCTS_DIR; };
		A3FC5B3A11D8EB2B0045F352 /* Unit Tests-Info.plist */ = {isa = PBXFileReference; lastKnownFileType = text.plist.xml; path = "Unit Tests-Info.plist"; sourceTree = "<group>"; };
		A3FC5BBF11D8ED760045F352 /* libOCHamcrest-StaticLib-iphonesimulator.a */ = {isa = PBXFileReference; lastKnownFileType = archive.ar; name = "libOCHamcrest-StaticLib-iphonesimulator.a"; path = "../../../others/OCHamcrest/Source/build/Release-iphonesimulator/libOCHamcrest-StaticLib-iphonesimulator.a"; sourceTree = SOURCE_ROOT; };
		A3FC5BDA11D90A390045F352 /* AuctionMessageTranslator.h */ = {isa = PBXFileReference; fileEncoding = 4; lastKnownFileType = sourcecode.c.h; path = AuctionMessageTranslator.h; sourceTree = "<group>"; };
		A3FC5BDB11D90A390045F352 /* AuctionMessageTranslator.m */ = {isa = PBXFileReference; fileEncoding = 4; lastKnownFileType = sourcecode.c.objc; path = AuctionMessageTranslator.m; sourceTree = "<group>"; };
		A3FC5D2111D910870045F352 /* libOCMock-StaticLib-iphonesimulator.a */ = {isa = PBXFileReference; lastKnownFileType = archive.ar; path = "libOCMock-StaticLib-iphonesimulator.a"; sourceTree = "<group>"; };
		A3FC5D7611D913240045F352 /* AuctionEventListener.h */ = {isa = PBXFileReference; fileEncoding = 4; lastKnownFileType = sourcecode.c.h; path = AuctionEventListener.h; sourceTree = "<group>"; };
		A3FC5E7B11D924530045F352 /* libidn.a */ = {isa = PBXFileReference; lastKnownFileType = archive.ar; path = libidn.a; sourceTree = "<group>"; };
		A3FC5F0A11D926680045F352 /* NSInvocation+OCMAdditions.h */ = {isa = PBXFileReference; fileEncoding = 4; lastKnownFileType = sourcecode.c.h; path = "NSInvocation+OCMAdditions.h"; sourceTree = "<group>"; };
		A3FC5F0B11D926680045F352 /* NSInvocation+OCMAdditions.m */ = {isa = PBXFileReference; fileEncoding = 4; lastKnownFileType = sourcecode.c.objc; path = "NSInvocation+OCMAdditions.m"; sourceTree = "<group>"; };
		A3FC5F0C11D926680045F352 /* NSInvocationOCMAdditionsTests.h */ = {isa = PBXFileReference; fileEncoding = 4; lastKnownFileType = sourcecode.c.h; path = NSInvocationOCMAdditionsTests.h; sourceTree = "<group>"; };
		A3FC5F0D11D926680045F352 /* NSInvocationOCMAdditionsTests.m */ = {isa = PBXFileReference; fileEncoding = 4; lastKnownFileType = sourcecode.c.objc; path = NSInvocationOCMAdditionsTests.m; sourceTree = "<group>"; };
		A3FC5F0E11D926680045F352 /* NSMethodSignature+OCMAdditions.h */ = {isa = PBXFileReference; fileEncoding = 4; lastKnownFileType = sourcecode.c.h; path = "NSMethodSignature+OCMAdditions.h"; sourceTree = "<group>"; };
		A3FC5F0F11D926680045F352 /* NSMethodSignature+OCMAdditions.m */ = {isa = PBXFileReference; fileEncoding = 4; lastKnownFileType = sourcecode.c.objc; path = "NSMethodSignature+OCMAdditions.m"; sourceTree = "<group>"; };
		A3FC5F1011D926680045F352 /* NSNotificationCenter+OCMAdditions.h */ = {isa = PBXFileReference; fileEncoding = 4; lastKnownFileType = sourcecode.c.h; path = "NSNotificationCenter+OCMAdditions.h"; sourceTree = "<group>"; };
		A3FC5F1111D926680045F352 /* NSNotificationCenter+OCMAdditions.m */ = {isa = PBXFileReference; fileEncoding = 4; lastKnownFileType = sourcecode.c.objc; path = "NSNotificationCenter+OCMAdditions.m"; sourceTree = "<group>"; };
		A3FC5F3411D928E10045F352 /* TestingCommon.h */ = {isa = PBXFileReference; fileEncoding = 4; lastKnownFileType = sourcecode.c.h; path = TestingCommon.h; sourceTree = "<group>"; };
		A3FC5F3711D929040045F352 /* AuctionSniperTest.m */ = {isa = PBXFileReference; fileEncoding = 4; lastKnownFileType = sourcecode.c.objc; path = AuctionSniperTest.m; sourceTree = "<group>"; };
		A3FC5F4311D929440045F352 /* AuctionSniper.h */ = {isa = PBXFileReference; fileEncoding = 4; lastKnownFileType = sourcecode.c.h; path = AuctionSniper.h; sourceTree = "<group>"; };
		A3FC5F4411D929440045F352 /* AuctionSniper.m */ = {isa = PBXFileReference; fileEncoding = 4; lastKnownFileType = sourcecode.c.objc; path = AuctionSniper.m; sourceTree = "<group>"; };
		A3FC5F4811D9298D0045F352 /* AuctionSniperListener.h */ = {isa = PBXFileReference; fileEncoding = 4; lastKnownFileType = sourcecode.c.h; path = AuctionSniperListener.h; sourceTree = "<group>"; };
		A3FC5F7E11D92DCC0045F352 /* XMPPAuction.h */ = {isa = PBXFileReference; fileEncoding = 4; lastKnownFileType = sourcecode.c.h; path = XMPPAuction.h; sourceTree = "<group>"; };
		A3FC5F7F11D92DCC0045F352 /* XMPPAuction.m */ = {isa = PBXFileReference; fileEncoding = 4; lastKnownFileType = sourcecode.c.objc; path = XMPPAuction.m; sourceTree = "<group>"; };
		A3FC5FD211D9350D0045F352 /* Auction.h */ = {isa = PBXFileReference; fileEncoding = 4; lastKnownFileType = sourcecode.c.h; path = Auction.h; sourceTree = "<group>"; };
		A3FC5FE011D935880045F352 /* XMPPAuctionTest.m */ = {isa = PBXFileReference; fileEncoding = 4; lastKnownFileType = sourcecode.c.objc; path = XMPPAuctionTest.m; sourceTree = "<group>"; };
		A3FC60A211D93E0D0045F352 /* ElementHasMessageBody.h */ = {isa = PBXFileReference; fileEncoding = 4; lastKnownFileType = sourcecode.c.h; path = ElementHasMessageBody.h; sourceTree = "<group>"; };
		A3FC60A311D93E0D0045F352 /* ElementHasMessageBody.m */ = {isa = PBXFileReference; fileEncoding = 4; lastKnownFileType = sourcecode.c.objc; path = ElementHasMessageBody.m; sourceTree = "<group>"; };
		A3FD70F711DC132B008A44FB /* AuctionSnipersDataSource.h */ = {isa = PBXFileReference; fileEncoding = 4; lastKnownFileType = sourcecode.c.h; path = AuctionSnipersDataSource.h; sourceTree = "<group>"; };
		A3FD70F811DC132B008A44FB /* AuctionSnipersDataSource.m */ = {isa = PBXFileReference; fileEncoding = 4; lastKnownFileType = sourcecode.c.objc; path = AuctionSnipersDataSource.m; sourceTree = "<group>"; };
/* End PBXFileReference section */

/* Begin PBXFrameworksBuildPhase section */
		1D60588F0D05DD3D006BFB54 /* Frameworks */ = {
			isa = PBXFrameworksBuildPhase;
			buildActionMask = 2147483647;
			files = (
				A3FC540B11D7CA390045F352 /* UIKit.framework in Frameworks */,
				1D60589F0D05DD5A006BFB54 /* Foundation.framework in Frameworks */,
				288765FD0DF74451002DB57D /* CoreGraphics.framework in Frameworks */,
				A3FC54BA11D8287A0045F352 /* CFNetwork.framework in Frameworks */,
				A3FC553711D82B460045F352 /* libresolv.dylib in Frameworks */,
				A3FC554F11D82C580045F352 /* SystemConfiguration.framework in Frameworks */,
				A3FC5E7E11D924530045F352 /* libidn.a in Frameworks */,
			);
			runOnlyForDeploymentPostprocessing = 0;
		};
		A31521AA11D238D3007F2123 /* Frameworks */ = {
			isa = PBXFrameworksBuildPhase;
			buildActionMask = 2147483647;
			files = (
				A3FC55F911D831E80045F352 /* SystemConfiguration.framework in Frameworks */,
				A3FC55F811D831E10045F352 /* libresolv.dylib in Frameworks */,
				A3FC55F711D831D60045F352 /* CFNetwork.framework in Frameworks */,
				A3FC540E11D7CA3D0045F352 /* UIKit.framework in Frameworks */,
				A31521AB11D238D3007F2123 /* Foundation.framework in Frameworks */,
				A31521AD11D238D3007F2123 /* CoreGraphics.framework in Frameworks */,
				A3FC5E7D11D924530045F352 /* libidn.a in Frameworks */,
			);
			runOnlyForDeploymentPostprocessing = 0;
		};
		A3FC5B3611D8EB2B0045F352 /* Frameworks */ = {
			isa = PBXFrameworksBuildPhase;
			buildActionMask = 2147483647;
			files = (
				A3FC5C7E11D90C730045F352 /* libresolv.dylib in Frameworks */,
				A3FC5C7711D90C660045F352 /* CFNetwork.framework in Frameworks */,
				A3FC5C6A11D90C320045F352 /* SystemConfiguration.framework in Frameworks */,
				A3FC5BC011D8ED760045F352 /* libOCHamcrest-StaticLib-iphonesimulator.a in Frameworks */,
				A3FC5D2211D910870045F352 /* libOCMock-StaticLib-iphonesimulator.a in Frameworks */,
				A3FC5E6811D920EA0045F352 /* libiconv.dylib in Frameworks */,
				A3FC5E7C11D924530045F352 /* libidn.a in Frameworks */,
			);
			runOnlyForDeploymentPostprocessing = 0;
		};
/* End PBXFrameworksBuildPhase section */

/* Begin PBXGroup section */
		080E96DDFE201D6D7F000001 /* Classes */ = {
			isa = PBXGroup;
			children = (
				A3FC5BD911D909FF0045F352 /* Model */,
				A3FC548B11D825030045F352 /* Controllers */,
				1D3623240D0F684500981E51 /* AuctionSniperAppDelegate.h */,
				1D3623250D0F684500981E51 /* AuctionSniperAppDelegate.m */,
			);
			path = Classes;
			sourceTree = "<group>";
		};
		19C28FACFE9D520D11CA2CBB /* Products */ = {
			isa = PBXGroup;
			children = (
				1D6058910D05DD3D006BFB54 /* AuctionSniper.app */,
				A31521B111D238D3007F2123 /* AuctionSniper.app */,
				A3FC5B3911D8EB2B0045F352 /* Unit Tests.octest */,
			);
			name = Products;
			sourceTree = "<group>";
		};
		29B97314FDCFA39411CA2CEA /* CustomTemplate */ = {
			isa = PBXGroup;
			children = (
				A315223311D23CD6007F2123 /* External */,
				A31520AC11D236CA007F2123 /* Tests */,
				080E96DDFE201D6D7F000001 /* Classes */,
				29B97323FDCFA39411CA2CEA /* Frameworks */,
				29B97315FDCFA39411CA2CEA /* Other Sources */,
				29B97317FDCFA39411CA2CEA /* Resources */,
				19C28FACFE9D520D11CA2CBB /* Products */,
				A31520D011D237FE007F2123 /* Acceptance-Info.plist */,
				A3FC5B3A11D8EB2B0045F352 /* Unit Tests-Info.plist */,
			);
			name = CustomTemplate;
			sourceTree = "<group>";
		};
		29B97315FDCFA39411CA2CEA /* Other Sources */ = {
			isa = PBXGroup;
			children = (
				32CA4F630368D1EE00C91783 /* AuctionSniper_Prefix.pch */,
				29B97316FDCFA39411CA2CEA /* main.m */,
				8D1107310486CEB800E47090 /* AuctionSniper-Info.plist */,
			);
			name = "Other Sources";
			sourceTree = "<group>";
		};
		29B97317FDCFA39411CA2CEA /* Resources */ = {
			isa = PBXGroup;
			children = (
				A31520C511D2376C007F2123 /* Nibs */,
			);
			path = Resources;
			sourceTree = "<group>";
		};
		29B97323FDCFA39411CA2CEA /* Frameworks */ = {
			isa = PBXGroup;
			children = (
				A3FC5D2111D910870045F352 /* libOCMock-StaticLib-iphonesimulator.a */,
				A3FC5BBF11D8ED760045F352 /* libOCHamcrest-StaticLib-iphonesimulator.a */,
				A3FC560711D8329C0045F352 /* libiconv.dylib */,
				A3FC554E11D82C580045F352 /* SystemConfiguration.framework */,
				1D30AB110D05D00D00671497 /* Foundation.framework */,
				288765FC0DF74451002DB57D /* CoreGraphics.framework */,
				A3FC540A11D7CA390045F352 /* UIKit.framework */,
				A3FC54B911D8287A0045F352 /* CFNetwork.framework */,
			);
			name = Frameworks;
			sourceTree = "<group>";
		};
		A31520AC11D236CA007F2123 /* Tests */ = {
			isa = PBXGroup;
			children = (
				A3FC60A111D93E020045F352 /* Matchers */,
				A3FC5F3311D928D50045F352 /* Support */,
				A3FC574E11D8D7640045F352 /* AuctionMessageTranslatorTest.m */,
				A3FC5F3711D929040045F352 /* AuctionSniperTest.m */,
				A3FC5FE011D935880045F352 /* XMPPAuctionTest.m */,
			);
			path = Tests;
			sourceTree = "<group>";
		};
		A31520C511D2376C007F2123 /* Nibs */ = {
			isa = PBXGroup;
			children = (
				A3FC549411D825330045F352 /* AuctionSniperViewController.xib */,
				28AD733E0D9D9553002E5188 /* MainWindow.xib */,
			);
			path = Nibs;
			sourceTree = "<group>";
		};
		A315223311D23CD6007F2123 /* External */ = {
			isa = PBXGroup;
			children = (
				A3FC5F0611D926520045F352 /* OCMock */,
				A3FC54B811D8286B0045F352 /* XMPPFramework */,
			);
			name = External;
			sourceTree = "<group>";
		};
		A3FC548B11D825030045F352 /* Controllers */ = {
			isa = PBXGroup;
			children = (
				A3FD70F511DC1305008A44FB /* Data Sources */,
				A3FC548C11D825170045F352 /* AuctionSniperViewController.h */,
				A3FC548D11D825170045F352 /* AuctionSniperViewController.m */,
			);
			name = Controllers;
			sourceTree = "<group>";
		};
		A3FC54B811D8286B0045F352 /* XMPPFramework */ = {
			isa = PBXGroup;
			children = (
				A3FC5E7B11D924530045F352 /* libidn.a */,
				A3FC554811D82C420045F352 /* XMPPReconnect.h */,
				A3FC554911D82C420045F352 /* XMPPReconnect.m */,
				A3FC552311D829F30045F352 /* RFSRVResolver.h */,
				A3FC552411D829F30045F352 /* RFSRVResolver.m */,
				A3FC552511D829F30045F352 /* XMPPModule.h */,
				A3FC552611D829F30045F352 /* XMPPModule.m */,
				A3FC553611D82B460045F352 /* libresolv.dylib */,
				A3FC551A11D829B20045F352 /* idn-int.h */,
				A3FC551B11D829B20045F352 /* stringprep.h */,
				A3FC550811D8299C0045F352 /* LibIDN.h */,
				A3FC550911D8299C0045F352 /* LibIDN.m */,
				A3FC550A11D8299C0045F352 /* MulticastDelegate.h */,
				A3FC550B11D8299C0045F352 /* MulticastDelegate.m */,
				A3FC550C11D8299C0045F352 /* NSDataAdditions.h */,
				A3FC550D11D8299C0045F352 /* NSDataAdditions.m */,
				A3FC550E11D8299C0045F352 /* NSXMLElementAdditions.h */,
				A3FC550F11D8299C0045F352 /* NSXMLElementAdditions.m */,
				A3FC54EB11D829860045F352 /* XMPP.h */,
				A3FC54EC11D829860045F352 /* XMPPElement.h */,
				A3FC54ED11D829860045F352 /* XMPPElement.m */,
				A3FC54EE11D829860045F352 /* XMPPIQ.h */,
				A3FC54EF11D829860045F352 /* XMPPIQ.m */,
				A3FC54F011D829860045F352 /* XMPPJID.h */,
				A3FC54F111D829860045F352 /* XMPPJID.m */,
				A3FC54F211D829860045F352 /* XMPPMessage.h */,
				A3FC54F311D829860045F352 /* XMPPMessage.m */,
				A3FC54F411D829860045F352 /* XMPPParser.h */,
				A3FC54F511D829860045F352 /* XMPPParser.m */,
				A3FC54F611D829860045F352 /* XMPPPresence.h */,
				A3FC54F711D829860045F352 /* XMPPPresence.m */,
				A3FC54F811D829860045F352 /* XMPPStream.h */,
				A3FC54F911D829860045F352 /* XMPPStream.m */,
				A3FC54CA11D828BC0045F352 /* KissXML */,
				A3FC54C611D828AE0045F352 /* AsyncSocket.h */,
				A3FC54C711D828AE0045F352 /* AsyncSocket.m */,
			);
			name = XMPPFramework;
			path = Vendor/XMPPFramework;
			sourceTree = "<group>";
		};
		A3FC54CA11D828BC0045F352 /* KissXML */ = {
			isa = PBXGroup;
			children = (
				A3FC54CB11D828BC0045F352 /* DDXML.h */,
				A3FC54CC11D828BC0045F352 /* DDXMLDocument.h */,
				A3FC54CD11D828BC0045F352 /* DDXMLDocument.m */,
				A3FC54CE11D828BC0045F352 /* DDXMLElement.h */,
				A3FC54CF11D828BC0045F352 /* DDXMLElement.m */,
				A3FC54D011D828BC0045F352 /* DDXMLNode.h */,
				A3FC54D111D828BC0045F352 /* DDXMLNode.m */,
				A3FC54D211D828BC0045F352 /* DDXMLPrivate.h */,
				A3FC54D311D828BC0045F352 /* NSStringAdditions.h */,
				A3FC54D411D828BC0045F352 /* NSStringAdditions.m */,
			);
			path = KissXML;
			sourceTree = "<group>";
		};
		A3FC5BD911D909FF0045F352 /* Model */ = {
			isa = PBXGroup;
			children = (
				A3FC5D7711D913270045F352 /* Protocols */,
				A3FC5BDA11D90A390045F352 /* AuctionMessageTranslator.h */,
				A3FC5BDB11D90A390045F352 /* AuctionMessageTranslator.m */,
				A3FC5F4311D929440045F352 /* AuctionSniper.h */,
				A3FC5F4411D929440045F352 /* AuctionSniper.m */,
				A3FC5F7E11D92DCC0045F352 /* XMPPAuction.h */,
				A3FC5F7F11D92DCC0045F352 /* XMPPAuction.m */,
			);
			name = Model;
			sourceTree = "<group>";
		};
		A3FC5D7711D913270045F352 /* Protocols */ = {
			isa = PBXGroup;
			children = (
				A3FC5D7611D913240045F352 /* AuctionEventListener.h */,
				A3FC5F4811D9298D0045F352 /* AuctionSniperListener.h */,
				A3FC5FD211D9350D0045F352 /* Auction.h */,
			);
			name = Protocols;
			sourceTree = "<group>";
		};
		A3FC5F0611D926520045F352 /* OCMock */ = {
			isa = PBXGroup;
			children = (
				A3FC5F0A11D926680045F352 /* NSInvocation+OCMAdditions.h */,
				A3FC5F0B11D926680045F352 /* NSInvocation+OCMAdditions.m */,
				A3FC5F0C11D926680045F352 /* NSInvocationOCMAdditionsTests.h */,
				A3FC5F0D11D926680045F352 /* NSInvocationOCMAdditionsTests.m */,
				A3FC5F0E11D926680045F352 /* NSMethodSignature+OCMAdditions.h */,
				A3FC5F0F11D926680045F352 /* NSMethodSignature+OCMAdditions.m */,
				A3FC5F1011D926680045F352 /* NSNotificationCenter+OCMAdditions.h */,
				A3FC5F1111D926680045F352 /* NSNotificationCenter+OCMAdditions.m */,
			);
			name = OCMock;
			sourceTree = "<group>";
		};
		A3FC5F3311D928D50045F352 /* Support */ = {
			isa = PBXGroup;
			children = (
				A3FC5F3411D928E10045F352 /* TestingCommon.h */,
			);
			name = Support;
			sourceTree = "<group>";
		};
		A3FC60A111D93E020045F352 /* Matchers */ = {
			isa = PBXGroup;
			children = (
				A3FC60A211D93E0D0045F352 /* ElementHasMessageBody.h */,
				A3FC60A311D93E0D0045F352 /* ElementHasMessageBody.m */,
			);
			name = Matchers;
			sourceTree = "<group>";
		};
		A3FD70F511DC1305008A44FB /* Data Sources */ = {
			isa = PBXGroup;
			children = (
				A3FD70F711DC132B008A44FB /* AuctionSnipersDataSource.h */,
				A3FD70F811DC132B008A44FB /* AuctionSnipersDataSource.m */,
			);
			name = "Data Sources";
			sourceTree = "<group>";
		};
/* End PBXGroup section */

/* Begin PBXNativeTarget section */
		1D6058900D05DD3D006BFB54 /* AuctionSniper */ = {
			isa = PBXNativeTarget;
			buildConfigurationList = 1D6058960D05DD3E006BFB54 /* Build configuration list for PBXNativeTarget "AuctionSniper" */;
			buildPhases = (
				1D60588D0D05DD3D006BFB54 /* Resources */,
				1D60588E0D05DD3D006BFB54 /* Sources */,
				1D60588F0D05DD3D006BFB54 /* Frameworks */,
			);
			buildRules = (
			);
			dependencies = (
			);
			name = AuctionSniper;
			productName = AuctionSniper;
			productReference = 1D6058910D05DD3D006BFB54 /* AuctionSniper.app */;
			productType = "com.apple.product-type.application";
		};
		A31521A411D238D3007F2123 /* Testing */ = {
			isa = PBXNativeTarget;
			buildConfigurationList = A31521AE11D238D3007F2123 /* Build configuration list for PBXNativeTarget "Testing" */;
			buildPhases = (
				A31521A511D238D3007F2123 /* Resources */,
				A31521A711D238D3007F2123 /* Sources */,
				A31521AA11D238D3007F2123 /* Frameworks */,
			);
			buildRules = (
			);
			dependencies = (
			);
			name = Testing;
			productName = AuctionSniper;
			productReference = A31521B111D238D3007F2123 /* AuctionSniper.app */;
			productType = "com.apple.product-type.application";
		};
		A3FC5B3811D8EB2B0045F352 /* Unit Tests */ = {
			isa = PBXNativeTarget;
			buildConfigurationList = A3FC5B3D11D8EB2C0045F352 /* Build configuration list for PBXNativeTarget "Unit Tests" */;
			buildPhases = (
				A3FC5B3411D8EB2B0045F352 /* Resources */,
				A3FC5B3511D8EB2B0045F352 /* Sources */,
				A3FC5B3611D8EB2B0045F352 /* Frameworks */,
				A3FC5B3711D8EB2B0045F352 /* ShellScript */,
			);
			buildRules = (
			);
			dependencies = (
			);
			name = "Unit Tests";
			productName = "Unit Tests";
			productReference = A3FC5B3911D8EB2B0045F352 /* Unit Tests.octest */;
			productType = "com.apple.product-type.bundle";
		};
/* End PBXNativeTarget section */

/* Begin PBXProject section */
		29B97313FDCFA39411CA2CEA /* Project object */ = {
			isa = PBXProject;
			buildConfigurationList = C01FCF4E08A954540054247B /* Build configuration list for PBXProject "AuctionSniper" */;
			compatibilityVersion = "Xcode 3.1";
			hasScannedForEncodings = 1;
			mainGroup = 29B97314FDCFA39411CA2CEA /* CustomTemplate */;
			projectDirPath = "";
			projectRoot = "";
			targets = (
				1D6058900D05DD3D006BFB54 /* AuctionSniper */,
				A31521A411D238D3007F2123 /* Testing */,
				A3FC5B3811D8EB2B0045F352 /* Unit Tests */,
			);
		};
/* End PBXProject section */

/* Begin PBXResourcesBuildPhase section */
		1D60588D0D05DD3D006BFB54 /* Resources */ = {
			isa = PBXResourcesBuildPhase;
			buildActionMask = 2147483647;
			files = (
				A3FC54A711D826240045F352 /* AuctionSniperViewController.xib in Resources */,
				28AD733F0D9D9553002E5188 /* MainWindow.xib in Resources */,
			);
			runOnlyForDeploymentPostprocessing = 0;
		};
		A31521A511D238D3007F2123 /* Resources */ = {
			isa = PBXResourcesBuildPhase;
			buildActionMask = 2147483647;
			files = (
				A31521A611D238D3007F2123 /* MainWindow.xib in Resources */,
				A3FC549511D825330045F352 /* AuctionSniperViewController.xib in Resources */,
			);
			runOnlyForDeploymentPostprocessing = 0;
		};
		A3FC5B3411D8EB2B0045F352 /* Resources */ = {
			isa = PBXResourcesBuildPhase;
			buildActionMask = 2147483647;
			files = (
			);
			runOnlyForDeploymentPostprocessing = 0;
		};
/* End PBXResourcesBuildPhase section */

/* Begin PBXShellScriptBuildPhase section */
		A3FC5B3711D8EB2B0045F352 /* ShellScript */ = {
			isa = PBXShellScriptBuildPhase;
			buildActionMask = 2147483647;
			files = (
			);
			inputPaths = (
			);
			outputPaths = (
			);
			runOnlyForDeploymentPostprocessing = 0;
			shellPath = /bin/sh;
			shellScript = "# Run the unit tests in this test bundle.\n\"${SYSTEM_DEVELOPER_DIR}/Tools/RunUnitTests\"\n";
		};
/* End PBXShellScriptBuildPhase section */

/* Begin PBXSourcesBuildPhase section */
		1D60588E0D05DD3D006BFB54 /* Sources */ = {
			isa = PBXSourcesBuildPhase;
			buildActionMask = 2147483647;
			files = (
				1D60589B0D05DD56006BFB54 /* main.m in Sources */,
				1D3623260D0F684500981E51 /* AuctionSniperAppDelegate.m in Sources */,
				A3FC54C911D828AE0045F352 /* AsyncSocket.m in Sources */,
				A3FC54D911D828BC0045F352 /* DDXMLDocument.m in Sources */,
				A3FC54DA11D828BC0045F352 /* DDXMLElement.m in Sources */,
				A3FC54DB11D828BC0045F352 /* DDXMLNode.m in Sources */,
				A3FC54DC11D828BC0045F352 /* NSStringAdditions.m in Sources */,
				A3FC550111D829860045F352 /* XMPPElement.m in Sources */,
				A3FC550211D829860045F352 /* XMPPIQ.m in Sources */,
				A3FC550311D829860045F352 /* XMPPJID.m in Sources */,
				A3FC550411D829860045F352 /* XMPPMessage.m in Sources */,
				A3FC550511D829860045F352 /* XMPPParser.m in Sources */,
				A3FC550611D829860045F352 /* XMPPPresence.m in Sources */,
				A3FC550711D829860045F352 /* XMPPStream.m in Sources */,
				A3FC551411D8299C0045F352 /* LibIDN.m in Sources */,
				A3FC551511D8299C0045F352 /* MulticastDelegate.m in Sources */,
				A3FC551611D8299C0045F352 /* NSDataAdditions.m in Sources */,
				A3FC551711D8299C0045F352 /* NSXMLElementAdditions.m in Sources */,
				A3FC552911D829F30045F352 /* RFSRVResolver.m in Sources */,
				A3FC552A11D829F30045F352 /* XMPPModule.m in Sources */,
				A3FC554B11D82C420045F352 /* XMPPReconnect.m in Sources */,
				A3FC55DE11D8319C0045F352 /* AuctionSniperViewController.m in Sources */,
				A3FC5BDD11D90A4B0045F352 /* AuctionMessageTranslator.m in Sources */,
				A3FC5F6911D92C170045F352 /* AuctionSniper.m in Sources */,
				A3FC5F8611D92DDF0045F352 /* XMPPAuction.m in Sources */,
				A3FD713311DC1733008A44FB /* AuctionSnipersDataSource.m in Sources */,
			);
			runOnlyForDeploymentPostprocessing = 0;
		};
		A31521A711D238D3007F2123 /* Sources */ = {
			isa = PBXSourcesBuildPhase;
			buildActionMask = 2147483647;
			files = (
				A3FC547411D7CA810045F352 /* main.m in Sources */,
				A31521A911D238D3007F2123 /* AuctionSniperAppDelegate.m in Sources */,
				A3FC548F11D825170045F352 /* AuctionSniperViewController.m in Sources */,
				A3FC54C811D828AE0045F352 /* AsyncSocket.m in Sources */,
				A3FC54D511D828BC0045F352 /* DDXMLDocument.m in Sources */,
				A3FC54D611D828BC0045F352 /* DDXMLElement.m in Sources */,
				A3FC54D711D828BC0045F352 /* DDXMLNode.m in Sources */,
				A3FC54D811D828BC0045F352 /* NSStringAdditions.m in Sources */,
				A3FC54FA11D829860045F352 /* XMPPElement.m in Sources */,
				A3FC54FB11D829860045F352 /* XMPPIQ.m in Sources */,
				A3FC54FC11D829860045F352 /* XMPPJID.m in Sources */,
				A3FC54FD11D829860045F352 /* XMPPMessage.m in Sources */,
				A3FC54FE11D829860045F352 /* XMPPParser.m in Sources */,
				A3FC54FF11D829860045F352 /* XMPPPresence.m in Sources */,
				A3FC550011D829860045F352 /* XMPPStream.m in Sources */,
				A3FC551011D8299C0045F352 /* LibIDN.m in Sources */,
				A3FC551111D8299C0045F352 /* MulticastDelegate.m in Sources */,
				A3FC551211D8299C0045F352 /* NSDataAdditions.m in Sources */,
				A3FC551311D8299C0045F352 /* NSXMLElementAdditions.m in Sources */,
				A3FC552711D829F30045F352 /* RFSRVResolver.m in Sources */,
				A3FC552811D829F30045F352 /* XMPPModule.m in Sources */,
				A3FC554A11D82C420045F352 /* XMPPReconnect.m in Sources */,
				A3FC5BDE11D90A4B0045F352 /* AuctionMessageTranslator.m in Sources */,
				A3FC5F6811D92C160045F352 /* AuctionSniper.m in Sources */,
				A3FC5F8511D92DDE0045F352 /* XMPPAuction.m in Sources */,
				A3FD713211DC1731008A44FB /* AuctionSnipersDataSource.m in Sources */,
			);
			runOnlyForDeploymentPostprocessing = 0;
		};
		A3FC5B3511D8EB2B0045F352 /* Sources */ = {
			isa = PBXSourcesBuildPhase;
			buildActionMask = 2147483647;
			files = (
				A3FC5B4011D8EB380045F352 /* AuctionMessageTranslatorTest.m in Sources */,
				A3FC5BDC11D90A390045F352 /* AuctionMessageTranslator.m in Sources */,
				A3FC5BF111D90C130045F352 /* NSDataAdditions.m in Sources */,
				A3FC5BF211D90C130045F352 /* NSXMLElementAdditions.m in Sources */,
				A3FC5BF311D90C130045F352 /* XMPPMessage.m in Sources */,
				A3FC5BF411D90C130045F352 /* DDXMLDocument.m in Sources */,
				A3FC5BF511D90C130045F352 /* DDXMLElement.m in Sources */,
				A3FC5BF611D90C130045F352 /* DDXMLNode.m in Sources */,
				A3FC5BF711D90C130045F352 /* NSStringAdditions.m in Sources */,
				A3FC5C6D11D90C560045F352 /* XMPPElement.m in Sources */,
				A3FC5C7011D90C5F0045F352 /* XMPPIQ.m in Sources */,
				A3FC5C7111D90C5F0045F352 /* XMPPJID.m in Sources */,
				A3FC5C7211D90C5F0045F352 /* XMPPParser.m in Sources */,
				A3FC5C7311D90C5F0045F352 /* XMPPPresence.m in Sources */,
				A3FC5C7411D90C5F0045F352 /* XMPPStream.m in Sources */,
				A3FC5C7A11D90C6F0045F352 /* XMPPReconnect.m in Sources */,
				A3FC5C7B11D90C6F0045F352 /* RFSRVResolver.m in Sources */,
				A3FC5C7C11D90C6F0045F352 /* XMPPModule.m in Sources */,
				A3FC5C8111D90C7D0045F352 /* MulticastDelegate.m in Sources */,
				A3FC5C8411D90C860045F352 /* AsyncSocket.m in Sources */,
				A3FC5E6411D920D20045F352 /* LibIDN.m in Sources */,
				A3FC5F1211D926680045F352 /* NSInvocation+OCMAdditions.m in Sources */,
				A3FC5F1311D926680045F352 /* NSInvocationOCMAdditionsTests.m in Sources */,
				A3FC5F1411D926680045F352 /* NSMethodSignature+OCMAdditions.m in Sources */,
				A3FC5F1511D926680045F352 /* NSNotificationCenter+OCMAdditions.m in Sources */,
				A3FC5F3811D929040045F352 /* AuctionSniperTest.m in Sources */,
				A3FC5F4511D929440045F352 /* AuctionSniper.m in Sources */,
				A3FC5F8011D92DCC0045F352 /* XMPPAuction.m in Sources */,
				A3FC5FF311D9372D0045F352 /* XMPPAuctionTest.m in Sources */,
				A3FC60A411D93E0D0045F352 /* ElementHasMessageBody.m in Sources */,
				A3FD70F911DC132B008A44FB /* AuctionSnipersDataSource.m in Sources */,
			);
			runOnlyForDeploymentPostprocessing = 0;
		};
/* End PBXSourcesBuildPhase section */

/* Begin XCBuildConfiguration section */
		1D6058940D05DD3E006BFB54 /* Debug */ = {
			isa = XCBuildConfiguration;
			buildSettings = {
				ALWAYS_SEARCH_USER_PATHS = NO;
				COPY_PHASE_STRIP = NO;
				GCC_DYNAMIC_NO_PIC = NO;
				GCC_OPTIMIZATION_LEVEL = 0;
				GCC_PRECOMPILE_PREFIX_HEADER = YES;
				GCC_PREFIX_HEADER = AuctionSniper_Prefix.pch;
				INFOPLIST_FILE = "AuctionSniper-Info.plist";
				LIBRARY_SEARCH_PATHS = (
					"$(inherited)",
					"\"$(SRCROOT)/Vendor/XMPPFramework\"",
				);
				PRODUCT_NAME = AuctionSniper;
			};
			name = Debug;
		};
		1D6058950D05DD3E006BFB54 /* Release */ = {
			isa = XCBuildConfiguration;
			buildSettings = {
				ALWAYS_SEARCH_USER_PATHS = NO;
				COPY_PHASE_STRIP = YES;
				GCC_PRECOMPILE_PREFIX_HEADER = YES;
				GCC_PREFIX_HEADER = AuctionSniper_Prefix.pch;
				INFOPLIST_FILE = "AuctionSniper-Info.plist";
				LIBRARY_SEARCH_PATHS = (
					"$(inherited)",
					"\"$(SRCROOT)/Vendor/XMPPFramework\"",
				);
				PRODUCT_NAME = AuctionSniper;
				VALIDATE_PRODUCT = YES;
			};
			name = Release;
		};
		A31521AF11D238D3007F2123 /* Debug */ = {
			isa = XCBuildConfiguration;
			buildSettings = {
				ALWAYS_SEARCH_USER_PATHS = NO;
				COPY_PHASE_STRIP = NO;
				FRAMEWORK_SEARCH_PATHS = (
					"~/Code/mine/cedar/build/${CONFIGURATION}-iphoneuniversal",
					"~/Code/mine/cedar/External/OCHamcrest/Source/build/${CONFIGURATION}",
					"~/Code/mine/cedar/External/OCMock/Source/build/${CONFIGURATION}",
				);
				GCC_DYNAMIC_NO_PIC = NO;
				GCC_OPTIMIZATION_LEVEL = 0;
				GCC_PRECOMPILE_PREFIX_HEADER = YES;
				GCC_PREFIX_HEADER = AuctionSniper_Prefix.pch;
				GCC_PREPROCESSOR_DEFINITIONS = BROMINE_ENABLED;
				GCC_VERSION = 4.2;
				INFOPLIST_FILE = "AuctionSniper-Info.plist";
				LIBRARY_SEARCH_PATHS = (
					"$(inherited)",
					"\"$(SRCROOT)/Vendor/XMPPFramework\"",
				);
				OTHER_LDFLAGS = "-lxml2";
				PRODUCT_NAME = AuctionSniper;
				USER_HEADER_SEARCH_PATHS = "~/Code/mine/bromine/build/${CONFIGURATION}${EFFECTIVE_PLATFORM_NAME}/usr/local/include";
			};
			name = Debug;
		};
		A31521B011D238D3007F2123 /* Release */ = {
			isa = XCBuildConfiguration;
			buildSettings = {
				ALWAYS_SEARCH_USER_PATHS = NO;
				COPY_PHASE_STRIP = YES;
				FRAMEWORK_SEARCH_PATHS = "~/Code/mine/cedar/build/${CONFIGURATION}-iphoneuniversal";
				GCC_PRECOMPILE_PREFIX_HEADER = YES;
				GCC_PREFIX_HEADER = AuctionSniper_Prefix.pch;
				GCC_PREPROCESSOR_DEFINITIONS = BROMINE_ENABLED;
				GCC_VERSION = 4.2;
				INFOPLIST_FILE = "AuctionSniper-Info.plist";
				LIBRARY_SEARCH_PATHS = (
					"$(inherited)",
					"\"$(SRCROOT)/Vendor/XMPPFramework\"",
				);
				OTHER_LDFLAGS = "-lxml2";
				PRODUCT_NAME = AuctionSniper;
				USER_HEADER_SEARCH_PATHS = "~/Code/mine/bromine/build/${CONFIGURATION}${EFFECTIVE_PLATFORM_NAME}/usr/local/include";
				VALIDATE_PRODUCT = YES;
			};
			name = Release;
		};
		A3FC5B3B11D8EB2C0045F352 /* Debug */ = {
			isa = XCBuildConfiguration;
			buildSettings = {
				ALWAYS_SEARCH_USER_PATHS = NO;
				"CODE_SIGN_IDENTITY[sdk=iphoneos*]" = "";
				COPY_PHASE_STRIP = NO;
				FRAMEWORK_SEARCH_PATHS = (
					"\"$(SDKROOT)/Developer/Library/Frameworks\"",
					"\"$(DEVELOPER_LIBRARY_DIR)/Frameworks\"",
					"\"$(SRCROOT)/Vendor\"",
				);
				GCC_DYNAMIC_NO_PIC = NO;
				GCC_ENABLE_FIX_AND_CONTINUE = NO;
				GCC_ENABLE_OBJC_EXCEPTIONS = YES;
				GCC_OPTIMIZATION_LEVEL = 0;
				GCC_VERSION = "";
				INFOPLIST_FILE = "Unit Tests-Info.plist";
				LIBRARY_SEARCH_PATHS = (
					"$(inherited)",
					"\"$(SRCROOT)/../../../others/OCHamcrest/Source/build/Release-iphonesimulator\"",
					"\"$(SRCROOT)/Vendor/XMPPFramework\"",
					"\"$(SRCROOT)\"",
					/usr/local/lib,
				);
				OTHER_LDFLAGS = (
					"-framework",
					Foundation,
					"-framework",
					SenTestingKit,
					"-framework",
					UIKit,
					"-lstdc++",
					"-lxml2",
					"-ObjC",
				);
				PREBINDING = NO;
				PRODUCT_NAME = "Unit Tests";
				WRAPPER_EXTENSION = octest;
			};
			name = Debug;
		};
		A3FC5B3C11D8EB2C0045F352 /* Release */ = {
			isa = XCBuildConfiguration;
			buildSettings = {
				ALWAYS_SEARCH_USER_PATHS = NO;
				"CODE_SIGN_IDENTITY[sdk=iphoneos*]" = "";
				COPY_PHASE_STRIP = YES;
				DEBUG_INFORMATION_FORMAT = "dwarf-with-dsym";
				FRAMEWORK_SEARCH_PATHS = (
					"\"$(SDKROOT)/Developer/Library/Frameworks\"",
					"\"$(DEVELOPER_LIBRARY_DIR)/Frameworks\"",
					"\"$(SRCROOT)/Vendor\"",
				);
				GCC_ENABLE_FIX_AND_CONTINUE = NO;
				GCC_ENABLE_OBJC_EXCEPTIONS = YES;
				GCC_VERSION = "";
				INFOPLIST_FILE = "Unit Tests-Info.plist";
				LIBRARY_SEARCH_PATHS = (
					"$(inherited)",
					"\"$(SRCROOT)/../../../others/OCHamcrest/Source/build/Release-iphonesimulator\"",
					"\"$(SRCROOT)/Vendor/XMPPFramework\"",
					"\"$(SRCROOT)\"",
					/usr/local/lib,
				);
				OTHER_LDFLAGS = (
					"-framework",
					Foundation,
					"-framework",
					SenTestingKit,
					"-framework",
					UIKit,
					"-lstdc++",
					"-lxml2",
					"-ObjC",
				);
				PREBINDING = NO;
				PRODUCT_NAME = "Unit Tests";
				WRAPPER_EXTENSION = octest;
				ZERO_LINK = NO;
			};
			name = Release;
		};
		C01FCF4F08A954540054247B /* Debug */ = {
			isa = XCBuildConfiguration;
			buildSettings = {
				ARCHS = "$(ARCHS_STANDARD_32_BIT)";
				"CODE_SIGN_IDENTITY[sdk=iphoneos*]" = "iPhone Developer";
				GCC_C_LANGUAGE_STANDARD = c99;
				GCC_VERSION = com.apple.compilers.llvm.clang.1_0;
				GCC_WARN_ABOUT_RETURN_TYPE = YES;
				GCC_WARN_UNUSED_VARIABLE = YES;
				HEADER_SEARCH_PATHS = /usr/include/libxml2;
				OTHER_LDFLAGS = "-lxml2";
				PREBINDING = NO;
				SDKROOT = iphoneos4.0;
			};
			name = Debug;
		};
		C01FCF5008A954540054247B /* Release */ = {
			isa = XCBuildConfiguration;
			buildSettings = {
				ARCHS = "$(ARCHS_STANDARD_32_BIT)";
				"CODE_SIGN_IDENTITY[sdk=iphoneos*]" = "iPhone Developer";
				GCC_C_LANGUAGE_STANDARD = c99;
				GCC_VERSION = com.apple.compilers.llvm.clang.1_0;
				GCC_WARN_ABOUT_RETURN_TYPE = YES;
				GCC_WARN_UNUSED_VARIABLE = YES;
				HEADER_SEARCH_PATHS = /usr/include/libxml2;
				OTHER_CFLAGS = "-DNS_BLOCK_ASSERTIONS=1";
				OTHER_LDFLAGS = "-lxml2";
				PREBINDING = NO;
				SDKROOT = iphoneos4.0;
			};
			name = Release;
		};
/* End XCBuildConfiguration section */

/* Begin XCConfigurationList section */
		1D6058960D05DD3E006BFB54 /* Build configuration list for PBXNativeTarget "AuctionSniper" */ = {
			isa = XCConfigurationList;
			buildConfigurations = (
				1D6058940D05DD3E006BFB54 /* Debug */,
				1D6058950D05DD3E006BFB54 /* Release */,
			);
			defaultConfigurationIsVisible = 0;
			defaultConfigurationName = Release;
		};
		A31521AE11D238D3007F2123 /* Build configuration list for PBXNativeTarget "Testing" */ = {
			isa = XCConfigurationList;
			buildConfigurations = (
				A31521AF11D238D3007F2123 /* Debug */,
				A31521B011D238D3007F2123 /* Release */,
			);
			defaultConfigurationIsVisible = 0;
			defaultConfigurationName = Release;
		};
		A3FC5B3D11D8EB2C0045F352 /* Build configuration list for PBXNativeTarget "Unit Tests" */ = {
			isa = XCConfigurationList;
			buildConfigurations = (
				A3FC5B3B11D8EB2C0045F352 /* Debug */,
				A3FC5B3C11D8EB2C0045F352 /* Release */,
			);
			defaultConfigurationIsVisible = 0;
			defaultConfigurationName = Release;
		};
		C01FCF4E08A954540054247B /* Build configuration list for PBXProject "AuctionSniper" */ = {
			isa = XCConfigurationList;
			buildConfigurations = (
				C01FCF4F08A954540054247B /* Debug */,
				C01FCF5008A954540054247B /* Release */,
			);
			defaultConfigurationIsVisible = 0;
			defaultConfigurationName = Release;
		};
/* End XCConfigurationList section */
	};
	rootObject = 29B97313FDCFA39411CA2CEA /* Project object */;
}
